// !$*UTF8*$!
{
	archiveVersion = 1;
	classes = {
	};
	objectVersion = 50;
	objects = {

/* Begin PBXBuildFile section */
		3DEE2B9425DB49F0003E64C6 /* Tests_iOS.swift in Sources */ = {isa = PBXBuildFile; fileRef = 3DEE2B9325DB49F0003E64C6 /* Tests_iOS.swift */; };
		3DEE2B9F25DB49F0003E64C6 /* Tests_macOS.swift in Sources */ = {isa = PBXBuildFile; fileRef = 3DEE2B9E25DB49F0003E64C6 /* Tests_macOS.swift */; };
		3DEE2BA125DB49F0003E64C6 /* Lab04_Book_ClubApp.swift in Sources */ = {isa = PBXBuildFile; fileRef = 3DEE2B7825DB49EE003E64C6 /* Lab04_Book_ClubApp.swift */; };
		3DEE2BA225DB49F0003E64C6 /* Lab04_Book_ClubApp.swift in Sources */ = {isa = PBXBuildFile; fileRef = 3DEE2B7825DB49EE003E64C6 /* Lab04_Book_ClubApp.swift */; };
		3DEE2BA325DB49F0003E64C6 /* ContentView.swift in Sources */ = {isa = PBXBuildFile; fileRef = 3DEE2B7925DB49EE003E64C6 /* ContentView.swift */; };
		3DEE2BA425DB49F0003E64C6 /* ContentView.swift in Sources */ = {isa = PBXBuildFile; fileRef = 3DEE2B7925DB49EE003E64C6 /* ContentView.swift */; };
		3DEE2BA525DB49F0003E64C6 /* Assets.xcassets in Resources */ = {isa = PBXBuildFile; fileRef = 3DEE2B7A25DB49F0003E64C6 /* Assets.xcassets */; };
		3DEE2BA625DB49F0003E64C6 /* Assets.xcassets in Resources */ = {isa = PBXBuildFile; fileRef = 3DEE2B7A25DB49F0003E64C6 /* Assets.xcassets */; };
/* End PBXBuildFile section */

/* Begin PBXContainerItemProxy section */
		3DEE2B9025DB49F0003E64C6 /* PBXContainerItemProxy */ = {
			isa = PBXContainerItemProxy;
			containerPortal = 3DEE2B7325DB49EE003E64C6 /* Project object */;
			proxyType = 1;
			remoteGlobalIDString = 3DEE2B7E25DB49F0003E64C6;
			remoteInfo = "Lab04_Book_Club (iOS)";
		};
		3DEE2B9B25DB49F0003E64C6 /* PBXContainerItemProxy */ = {
			isa = PBXContainerItemProxy;
			containerPortal = 3DEE2B7325DB49EE003E64C6 /* Project object */;
			proxyType = 1;
			remoteGlobalIDString = 3DEE2B8625DB49F0003E64C6;
			remoteInfo = "Lab04_Book_Club (macOS)";
		};
/* End PBXContainerItemProxy section */

/* Begin PBXFileReference section */
		3DEE2B7825DB49EE003E64C6 /* Lab04_Book_ClubApp.swift */ = {isa = PBXFileReference; lastKnownFileType = sourcecode.swift; path = Lab04_Book_ClubApp.swift; sourceTree = "<group>"; };
		3DEE2B7925DB49EE003E64C6 /* ContentView.swift */ = {isa = PBXFileReference; lastKnownFileType = sourcecode.swift; path = ContentView.swift; sourceTree = "<group>"; };
		3DEE2B7A25DB49F0003E64C6 /* Assets.xcassets */ = {isa = PBXFileReference; lastKnownFileType = folder.assetcatalog; path = Assets.xcassets; sourceTree = "<group>"; };
		3DEE2B7F25DB49F0003E64C6 /* Lab04_Book_Club.app */ = {isa = PBXFileReference; explicitFileType = wrapper.application; includeInIndex = 0; path = Lab04_Book_Club.app; sourceTree = BUILT_PRODUCTS_DIR; };
		3DEE2B8225DB49F0003E64C6 /* Info.plist */ = {isa = PBXFileReference; lastKnownFileType = text.plist.xml; path = Info.plist; sourceTree = "<group>"; };
		3DEE2B8725DB49F0003E64C6 /* Lab04_Book_Club.app */ = {isa = PBXFileReference; explicitFileType = wrapper.application; includeInIndex = 0; path = Lab04_Book_Club.app; sourceTree = BUILT_PRODUCTS_DIR; };
		3DEE2B8925DB49F0003E64C6 /* Info.plist */ = {isa = PBXFileReference; lastKnownFileType = text.plist.xml; path = Info.plist; sourceTree = "<group>"; };
		3DEE2B8A25DB49F0003E64C6 /* macOS.entitlements */ = {isa = PBXFileReference; lastKnownFileType = text.plist.entitlements; path = macOS.entitlements; sourceTree = "<group>"; };
		3DEE2B8F25DB49F0003E64C6 /* Tests iOS.xctest */ = {isa = PBXFileReference; explicitFileType = wrapper.cfbundle; includeInIndex = 0; path = "Tests iOS.xctest"; sourceTree = BUILT_PRODUCTS_DIR; };
		3DEE2B9325DB49F0003E64C6 /* Tests_iOS.swift */ = {isa = PBXFileReference; lastKnownFileType = sourcecode.swift; path = Tests_iOS.swift; sourceTree = "<group>"; };
		3DEE2B9525DB49F0003E64C6 /* Info.plist */ = {isa = PBXFileReference; lastKnownFileType = text.plist.xml; path = Info.plist; sourceTree = "<group>"; };
		3DEE2B9A25DB49F0003E64C6 /* Tests macOS.xctest */ = {isa = PBXFileReference; explicitFileType = wrapper.cfbundle; includeInIndex = 0; path = "Tests macOS.xctest"; sourceTree = BUILT_PRODUCTS_DIR; };
		3DEE2B9E25DB49F0003E64C6 /* Tests_macOS.swift */ = {isa = PBXFileReference; lastKnownFileType = sourcecode.swift; path = Tests_macOS.swift; sourceTree = "<group>"; };
		3DEE2BA025DB49F0003E64C6 /* Info.plist */ = {isa = PBXFileReference; lastKnownFileType = text.plist.xml; path = Info.plist; sourceTree = "<group>"; };
/* End PBXFileReference section */

/* Begin PBXFrameworksBuildPhase section */
		3DEE2B7C25DB49F0003E64C6 /* Frameworks */ = {
			isa = PBXFrameworksBuildPhase;
			buildActionMask = 2147483647;
			files = (
			);
			runOnlyForDeploymentPostprocessing = 0;
		};
		3DEE2B8425DB49F0003E64C6 /* Frameworks */ = {
			isa = PBXFrameworksBuildPhase;
			buildActionMask = 2147483647;
			files = (
			);
			runOnlyForDeploymentPostprocessing = 0;
		};
		3DEE2B8C25DB49F0003E64C6 /* Frameworks */ = {
			isa = PBXFrameworksBuildPhase;
			buildActionMask = 2147483647;
			files = (
			);
			runOnlyForDeploymentPostprocessing = 0;
		};
		3DEE2B9725DB49F0003E64C6 /* Frameworks */ = {
			isa = PBXFrameworksBuildPhase;
			buildActionMask = 2147483647;
			files = (
			);
			runOnlyForDeploymentPostprocessing = 0;
		};
/* End PBXFrameworksBuildPhase section */

/* Begin PBXGroup section */
		3DEE2B7225DB49EE003E64C6 = {
			isa = PBXGroup;
			children = (
				3DEE2B7725DB49EE003E64C6 /* Shared */,
				3DEE2B8125DB49F0003E64C6 /* iOS */,
				3DEE2B8825DB49F0003E64C6 /* macOS */,
				3DEE2B9225DB49F0003E64C6 /* Tests iOS */,
				3DEE2B9D25DB49F0003E64C6 /* Tests macOS */,
				3DEE2B8025DB49F0003E64C6 /* Products */,
			);
			sourceTree = "<group>";
		};
		3DEE2B7725DB49EE003E64C6 /* Shared */ = {
			isa = PBXGroup;
			children = (
				3DEE2B7825DB49EE003E64C6 /* Lab04_Book_ClubApp.swift */,
				3DEE2B7925DB49EE003E64C6 /* ContentView.swift */,
				3DEE2B7A25DB49F0003E64C6 /* Assets.xcassets */,
			);
			path = Shared;
			sourceTree = "<group>";
		};
		3DEE2B8025DB49F0003E64C6 /* Products */ = {
			isa = PBXGroup;
			children = (
				3DEE2B7F25DB49F0003E64C6 /* Lab04_Book_Club.app */,
				3DEE2B8725DB49F0003E64C6 /* Lab04_Book_Club.app */,
				3DEE2B8F25DB49F0003E64C6 /* Tests iOS.xctest */,
				3DEE2B9A25DB49F0003E64C6 /* Tests macOS.xctest */,
			);
			name = Products;
			sourceTree = "<group>";
		};
		3DEE2B8125DB49F0003E64C6 /* iOS */ = {
			isa = PBXGroup;
			children = (
				3DEE2B8225DB49F0003E64C6 /* Info.plist */,
			);
			path = iOS;
			sourceTree = "<group>";
		};
		3DEE2B8825DB49F0003E64C6 /* macOS */ = {
			isa = PBXGroup;
			children = (
				3DEE2B8925DB49F0003E64C6 /* Info.plist */,
				3DEE2B8A25DB49F0003E64C6 /* macOS.entitlements */,
			);
			path = macOS;
			sourceTree = "<group>";
		};
		3DEE2B9225DB49F0003E64C6 /* Tests iOS */ = {
			isa = PBXGroup;
			children = (
				3DEE2B9325DB49F0003E64C6 /* Tests_iOS.swift */,
				3DEE2B9525DB49F0003E64C6 /* Info.plist */,
			);
			path = "Tests iOS";
			sourceTree = "<group>";
		};
		3DEE2B9D25DB49F0003E64C6 /* Tests macOS */ = {
			isa = PBXGroup;
			children = (
				3DEE2B9E25DB49F0003E64C6 /* Tests_macOS.swift */,
				3DEE2BA025DB49F0003E64C6 /* Info.plist */,
			);
			path = "Tests macOS";
			sourceTree = "<group>";
		};
/* End PBXGroup section */

/* Begin PBXNativeTarget section */
		3DEE2B7E25DB49F0003E64C6 /* Lab04_Book_Club (iOS) */ = {
			isa = PBXNativeTarget;
			buildConfigurationList = 3DEE2BA925DB49F0003E64C6 /* Build configuration list for PBXNativeTarget "Lab04_Book_Club (iOS)" */;
			buildPhases = (
				3DEE2B7B25DB49F0003E64C6 /* Sources */,
				3DEE2B7C25DB49F0003E64C6 /* Frameworks */,
				3DEE2B7D25DB49F0003E64C6 /* Resources */,
			);
			buildRules = (
			);
			dependencies = (
			);
			name = "Lab04_Book_Club (iOS)";
			productName = "Lab04_Book_Club (iOS)";
			productReference = 3DEE2B7F25DB49F0003E64C6 /* Lab04_Book_Club.app */;
			productType = "com.apple.product-type.application";
		};
		3DEE2B8625DB49F0003E64C6 /* Lab04_Book_Club (macOS) */ = {
			isa = PBXNativeTarget;
			buildConfigurationList = 3DEE2BAC25DB49F0003E64C6 /* Build configuration list for PBXNativeTarget "Lab04_Book_Club (macOS)" */;
			buildPhases = (
				3DEE2B8325DB49F0003E64C6 /* Sources */,
				3DEE2B8425DB49F0003E64C6 /* Frameworks */,
				3DEE2B8525DB49F0003E64C6 /* Resources */,
			);
			buildRules = (
			);
			dependencies = (
			);
			name = "Lab04_Book_Club (macOS)";
			productName = "Lab04_Book_Club (macOS)";
			productReference = 3DEE2B8725DB49F0003E64C6 /* Lab04_Book_Club.app */;
			productType = "com.apple.product-type.application";
		};
		3DEE2B8E25DB49F0003E64C6 /* Tests iOS */ = {
			isa = PBXNativeTarget;
			buildConfigurationList = 3DEE2BAF25DB49F0003E64C6 /* Build configuration list for PBXNativeTarget "Tests iOS" */;
			buildPhases = (
				3DEE2B8B25DB49F0003E64C6 /* Sources */,
				3DEE2B8C25DB49F0003E64C6 /* Frameworks */,
				3DEE2B8D25DB49F0003E64C6 /* Resources */,
			);
			buildRules = (
			);
			dependencies = (
				3DEE2B9125DB49F0003E64C6 /* PBXTargetDependency */,
			);
			name = "Tests iOS";
			productName = "Tests iOS";
			productReference = 3DEE2B8F25DB49F0003E64C6 /* Tests iOS.xctest */;
			productType = "com.apple.product-type.bundle.ui-testing";
		};
		3DEE2B9925DB49F0003E64C6 /* Tests macOS */ = {
			isa = PBXNativeTarget;
			buildConfigurationList = 3DEE2BB225DB49F0003E64C6 /* Build configuration list for PBXNativeTarget "Tests macOS" */;
			buildPhases = (
				3DEE2B9625DB49F0003E64C6 /* Sources */,
				3DEE2B9725DB49F0003E64C6 /* Frameworks */,
				3DEE2B9825DB49F0003E64C6 /* Resources */,
			);
			buildRules = (
			);
			dependencies = (
				3DEE2B9C25DB49F0003E64C6 /* PBXTargetDependency */,
			);
			name = "Tests macOS";
			productName = "Tests macOS";
			productReference = 3DEE2B9A25DB49F0003E64C6 /* Tests macOS.xctest */;
			productType = "com.apple.product-type.bundle.ui-testing";
		};
/* End PBXNativeTarget section */

/* Begin PBXProject section */
		3DEE2B7325DB49EE003E64C6 /* Project object */ = {
			isa = PBXProject;
			attributes = {
				LastSwiftUpdateCheck = 1240;
				LastUpgradeCheck = 1240;
				TargetAttributes = {
					3DEE2B7E25DB49F0003E64C6 = {
						CreatedOnToolsVersion = 12.4;
					};
					3DEE2B8625DB49F0003E64C6 = {
						CreatedOnToolsVersion = 12.4;
					};
					3DEE2B8E25DB49F0003E64C6 = {
						CreatedOnToolsVersion = 12.4;
						TestTargetID = 3DEE2B7E25DB49F0003E64C6;
					};
					3DEE2B9925DB49F0003E64C6 = {
						CreatedOnToolsVersion = 12.4;
						TestTargetID = 3DEE2B8625DB49F0003E64C6;
					};
				};
			};
			buildConfigurationList = 3DEE2B7625DB49EE003E64C6 /* Build configuration list for PBXProject "Lab04_Book_Club" */;
			compatibilityVersion = "Xcode 9.3";
			developmentRegion = en;
			hasScannedForEncodings = 0;
			knownRegions = (
				en,
				Base,
			);
			mainGroup = 3DEE2B7225DB49EE003E64C6;
			productRefGroup = 3DEE2B8025DB49F0003E64C6 /* Products */;
			projectDirPath = "";
			projectRoot = "";
			targets = (
				3DEE2B7E25DB49F0003E64C6 /* Lab04_Book_Club (iOS) */,
				3DEE2B8625DB49F0003E64C6 /* Lab04_Book_Club (macOS) */,
				3DEE2B8E25DB49F0003E64C6 /* Tests iOS */,
				3DEE2B9925DB49F0003E64C6 /* Tests macOS */,
			);
		};
/* End PBXProject section */

/* Begin PBXResourcesBuildPhase section */
		3DEE2B7D25DB49F0003E64C6 /* Resources */ = {
			isa = PBXResourcesBuildPhase;
			buildActionMask = 2147483647;
			files = (
				3DEE2BA525DB49F0003E64C6 /* Assets.xcassets in Resources */,
			);
			runOnlyForDeploymentPostprocessing = 0;
		};
		3DEE2B8525DB49F0003E64C6 /* Resources */ = {
			isa = PBXResourcesBuildPhase;
			buildActionMask = 2147483647;
			files = (
				3DEE2BA625DB49F0003E64C6 /* Assets.xcassets in Resources */,
			);
			runOnlyForDeploymentPostprocessing = 0;
		};
		3DEE2B8D25DB49F0003E64C6 /* Resources */ = {
			isa = PBXResourcesBuildPhase;
			buildActionMask = 2147483647;
			files = (
			);
			runOnlyForDeploymentPostprocessing = 0;
		};
		3DEE2B9825DB49F0003E64C6 /* Resources */ = {
			isa = PBXResourcesBuildPhase;
			buildActionMask = 2147483647;
			files = (
			);
			runOnlyForDeploymentPostprocessing = 0;
		};
/* End PBXResourcesBuildPhase section */

/* Begin PBXSourcesBuildPhase section */
		3DEE2B7B25DB49F0003E64C6 /* Sources */ = {
			isa = PBXSourcesBuildPhase;
			buildActionMask = 2147483647;
			files = (
				3DEE2BA325DB49F0003E64C6 /* ContentView.swift in Sources */,
				3DEE2BA125DB49F0003E64C6 /* Lab04_Book_ClubApp.swift in Sources */,
			);
			runOnlyForDeploymentPostprocessing = 0;
		};
		3DEE2B8325DB49F0003E64C6 /* Sources */ = {
			isa = PBXSourcesBuildPhase;
			buildActionMask = 2147483647;
			files = (
				3DEE2BA425DB49F0003E64C6 /* ContentView.swift in Sources */,
				3DEE2BA225DB49F0003E64C6 /* Lab04_Book_ClubApp.swift in Sources */,
			);
			runOnlyForDeploymentPostprocessing = 0;
		};
		3DEE2B8B25DB49F0003E64C6 /* Sources */ = {
			isa = PBXSourcesBuildPhase;
			buildActionMask = 2147483647;
			files = (
				3DEE2B9425DB49F0003E64C6 /* Tests_iOS.swift in Sources */,
			);
			runOnlyForDeploymentPostprocessing = 0;
		};
		3DEE2B9625DB49F0003E64C6 /* Sources */ = {
			isa = PBXSourcesBuildPhase;
			buildActionMask = 2147483647;
			files = (
				3DEE2B9F25DB49F0003E64C6 /* Tests_macOS.swift in Sources */,
			);
			runOnlyForDeploymentPostprocessing = 0;
		};
/* End PBXSourcesBuildPhase section */

/* Begin PBXTargetDependency section */
		3DEE2B9125DB49F0003E64C6 /* PBXTargetDependency */ = {
			isa = PBXTargetDependency;
			target = 3DEE2B7E25DB49F0003E64C6 /* Lab04_Book_Club (iOS) */;
			targetProxy = 3DEE2B9025DB49F0003E64C6 /* PBXContainerItemProxy */;
		};
		3DEE2B9C25DB49F0003E64C6 /* PBXTargetDependency */ = {
			isa = PBXTargetDependency;
			target = 3DEE2B8625DB49F0003E64C6 /* Lab04_Book_Club (macOS) */;
			targetProxy = 3DEE2B9B25DB49F0003E64C6 /* PBXContainerItemProxy */;
		};
/* End PBXTargetDependency section */

/* Begin XCBuildConfiguration section */
		3DEE2BA725DB49F0003E64C6 /* Debug */ = {
			isa = XCBuildConfiguration;
			buildSettings = {
				ALWAYS_SEARCH_USER_PATHS = NO;
				CLANG_ANALYZER_NONNULL = YES;
				CLANG_ANALYZER_NUMBER_OBJECT_CONVERSION = YES_AGGRESSIVE;
				CLANG_CXX_LANGUAGE_STANDARD = "gnu++14";
				CLANG_CXX_LIBRARY = "libc++";
				CLANG_ENABLE_MODULES = YES;
				CLANG_ENABLE_OBJC_ARC = YES;
				CLANG_ENABLE_OBJC_WEAK = YES;
				CLANG_WARN_BLOCK_CAPTURE_AUTORELEASING = YES;
				CLANG_WARN_BOOL_CONVERSION = YES;
				CLANG_WARN_COMMA = YES;
				CLANG_WARN_CONSTANT_CONVERSION = YES;
				CLANG_WARN_DEPRECATED_OBJC_IMPLEMENTATIONS = YES;
				CLANG_WARN_DIRECT_OBJC_ISA_USAGE = YES_ERROR;
				CLANG_WARN_DOCUMENTATION_COMMENTS = YES;
				CLANG_WARN_EMPTY_BODY = YES;
				CLANG_WARN_ENUM_CONVERSION = YES;
				CLANG_WARN_INFINITE_RECURSION = YES;
				CLANG_WARN_INT_CONVERSION = YES;
				CLANG_WARN_NON_LITERAL_NULL_CONVERSION = YES;
				CLANG_WARN_OBJC_IMPLICIT_RETAIN_SELF = YES;
				CLANG_WARN_OBJC_LITERAL_CONVERSION = YES;
				CLANG_WARN_OBJC_ROOT_CLASS = YES_ERROR;
				CLANG_WARN_QUOTED_INCLUDE_IN_FRAMEWORK_HEADER = YES;
				CLANG_WARN_RANGE_LOOP_ANALYSIS = YES;
				CLANG_WARN_STRICT_PROTOTYPES = YES;
				CLANG_WARN_SUSPICIOUS_MOVE = YES;
				CLANG_WARN_UNGUARDED_AVAILABILITY = YES_AGGRESSIVE;
				CLANG_WARN_UNREACHABLE_CODE = YES;
				CLANG_WARN__DUPLICATE_METHOD_MATCH = YES;
				COPY_PHASE_STRIP = NO;
				DEBUG_INFORMATION_FORMAT = dwarf;
				ENABLE_STRICT_OBJC_MSGSEND = YES;
				ENABLE_TESTABILITY = YES;
				GCC_C_LANGUAGE_STANDARD = gnu11;
				GCC_DYNAMIC_NO_PIC = NO;
				GCC_NO_COMMON_BLOCKS = YES;
				GCC_OPTIMIZATION_LEVEL = 0;
				GCC_PREPROCESSOR_DEFINITIONS = (
					"DEBUG=1",
					"$(inherited)",
				);
				GCC_WARN_64_TO_32_BIT_CONVERSION = YES;
				GCC_WARN_ABOUT_RETURN_TYPE = YES_ERROR;
				GCC_WARN_UNDECLARED_SELECTOR = YES;
				GCC_WARN_UNINITIALIZED_AUTOS = YES_AGGRESSIVE;
				GCC_WARN_UNUSED_FUNCTION = YES;
				GCC_WARN_UNUSED_VARIABLE = YES;
				MTL_ENABLE_DEBUG_INFO = INCLUDE_SOURCE;
				MTL_FAST_MATH = YES;
				ONLY_ACTIVE_ARCH = YES;
				SWIFT_ACTIVE_COMPILATION_CONDITIONS = DEBUG;
				SWIFT_OPTIMIZATION_LEVEL = "-Onone";
			};
			name = Debug;
		};
		3DEE2BA825DB49F0003E64C6 /* Release */ = {
			isa = XCBuildConfiguration;
			buildSettings = {
				ALWAYS_SEARCH_USER_PATHS = NO;
				CLANG_ANALYZER_NONNULL = YES;
				CLANG_ANALYZER_NUMBER_OBJECT_CONVERSION = YES_AGGRESSIVE;
				CLANG_CXX_LANGUAGE_STANDARD = "gnu++14";
				CLANG_CXX_LIBRARY = "libc++";
				CLANG_ENABLE_MODULES = YES;
				CLANG_ENABLE_OBJC_ARC = YES;
				CLANG_ENABLE_OBJC_WEAK = YES;
				CLANG_WARN_BLOCK_CAPTURE_AUTORELEASING = YES;
				CLANG_WARN_BOOL_CONVERSION = YES;
				CLANG_WARN_COMMA = YES;
				CLANG_WARN_CONSTANT_CONVERSION = YES;
				CLANG_WARN_DEPRECATED_OBJC_IMPLEMENTATIONS = YES;
				CLANG_WARN_DIRECT_OBJC_ISA_USAGE = YES_ERROR;
				CLANG_WARN_DOCUMENTATION_COMMENTS = YES;
				CLANG_WARN_EMPTY_BODY = YES;
				CLANG_WARN_ENUM_CONVERSION = YES;
				CLANG_WARN_INFINITE_RECURSION = YES;
				CLANG_WARN_INT_CONVERSION = YES;
				CLANG_WARN_NON_LITERAL_NULL_CONVERSION = YES;
				CLANG_WARN_OBJC_IMPLICIT_RETAIN_SELF = YES;
				CLANG_WARN_OBJC_LITERAL_CONVERSION = YES;
				CLANG_WARN_OBJC_ROOT_CLASS = YES_ERROR;
				CLANG_WARN_QUOTED_INCLUDE_IN_FRAMEWORK_HEADER = YES;
				CLANG_WARN_RANGE_LOOP_ANALYSIS = YES;
				CLANG_WARN_STRICT_PROTOTYPES = YES;
				CLANG_WARN_SUSPICIOUS_MOVE = YES;
				CLANG_WARN_UNGUARDED_AVAILABILITY = YES_AGGRESSIVE;
				CLANG_WARN_UNREACHABLE_CODE = YES;
				CLANG_WARN__DUPLICATE_METHOD_MATCH = YES;
				COPY_PHASE_STRIP = NO;
				DEBUG_INFORMATION_FORMAT = "dwarf-with-dsym";
				ENABLE_NS_ASSERTIONS = NO;
				ENABLE_STRICT_OBJC_MSGSEND = YES;
				GCC_C_LANGUAGE_STANDARD = gnu11;
				GCC_NO_COMMON_BLOCKS = YES;
				GCC_WARN_64_TO_32_BIT_CONVERSION = YES;
				GCC_WARN_ABOUT_RETURN_TYPE = YES_ERROR;
				GCC_WARN_UNDECLARED_SELECTOR = YES;
				GCC_WARN_UNINITIALIZED_AUTOS = YES_AGGRESSIVE;
				GCC_WARN_UNUSED_FUNCTION = YES;
				GCC_WARN_UNUSED_VARIABLE = YES;
				MTL_ENABLE_DEBUG_INFO = NO;
				MTL_FAST_MATH = YES;
				SWIFT_COMPILATION_MODE = wholemodule;
				SWIFT_OPTIMIZATION_LEVEL = "-O";
			};
			name = Release;
		};
		3DEE2BAA25DB49F0003E64C6 /* Debug */ = {
			isa = XCBuildConfiguration;
			buildSettings = {
				ASSETCATALOG_COMPILER_APPICON_NAME = AppIcon;
				ASSETCATALOG_COMPILER_GLOBAL_ACCENT_COLOR_NAME = AccentColor;
				CODE_SIGN_STYLE = Automatic;
				DEVELOPMENT_TEAM = Q4W6V6V4T5;
				ENABLE_PREVIEWS = YES;
				INFOPLIST_FILE = iOS/Info.plist;
				IPHONEOS_DEPLOYMENT_TARGET = 14.0;
				LD_RUNPATH_SEARCH_PATHS = (
					"$(inherited)",
					"@executable_path/Frameworks",
				);
				PRODUCT_BUNDLE_IDENTIFIER = "com.Distance-Converter.Lab04-Book-Club";
				PRODUCT_NAME = Lab04_Book_Club;
				SDKROOT = iphoneos;
				SWIFT_VERSION = 5.0;
				TARGETED_DEVICE_FAMILY = "1,2";
			};
			name = Debug;
		};
		3DEE2BAB25DB49F0003E64C6 /* Release */ = {
			isa = XCBuildConfiguration;
			buildSettings = {
				ASSETCATALOG_COMPILER_APPICON_NAME = AppIcon;
				ASSETCATALOG_COMPILER_GLOBAL_ACCENT_COLOR_NAME = AccentColor;
				CODE_SIGN_STYLE = Automatic;
				DEVELOPMENT_TEAM = Q4W6V6V4T5;
				ENABLE_PREVIEWS = YES;
				INFOPLIST_FILE = iOS/Info.plist;
				IPHONEOS_DEPLOYMENT_TARGET = 14.0;
				LD_RUNPATH_SEARCH_PATHS = (
					"$(inherited)",
					"@executable_path/Frameworks",
				);
				PRODUCT_BUNDLE_IDENTIFIER = "com.Distance-Converter.Lab04-Book-Club";
				PRODUCT_NAME = Lab04_Book_Club;
				SDKROOT = iphoneos;
				SWIFT_VERSION = 5.0;
				TARGETED_DEVICE_FAMILY = "1,2";
				VALIDATE_PRODUCT = YES;
			};
			name = Release;
		};
		3DEE2BAD25DB49F0003E64C6 /* Debug */ = {
			isa = XCBuildConfiguration;
			buildSettings = {
				ASSETCATALOG_COMPILER_APPICON_NAME = AppIcon;
				ASSETCATALOG_COMPILER_GLOBAL_ACCENT_COLOR_NAME = AccentColor;
				CODE_SIGN_ENTITLEMENTS = macOS/macOS.entitlements;
				CODE_SIGN_STYLE = Automatic;
				COMBINE_HIDPI_IMAGES = YES;
				DEVELOPMENT_TEAM = Q4W6V6V4T5;
				ENABLE_HARDENED_RUNTIME = YES;
				ENABLE_PREVIEWS = YES;
				INFOPLIST_FILE = macOS/Info.plist;
				LD_RUNPATH_SEARCH_PATHS = (
					"$(inherited)",
					"@executable_path/../Frameworks",
				);
				MACOSX_DEPLOYMENT_TARGET = 11.0;
				PRODUCT_BUNDLE_IDENTIFIER = "com.Distance-Converter.Lab04-Book-Club";
				PRODUCT_NAME = Lab04_Book_Club;
				SDKROOT = macosx;
				SWIFT_VERSION = 5.0;
			};
			name = Debug;
		};
		3DEE2BAE25DB49F0003E64C6 /* Release */ = {
			isa = XCBuildConfiguration;
			buildSettings = {
				ASSETCATALOG_COMPILER_APPICON_NAME = AppIcon;
				ASSETCATALOG_COMPILER_GLOBAL_ACCENT_COLOR_NAME = AccentColor;
				CODE_SIGN_ENTITLEMENTS = macOS/macOS.entitlements;
				CODE_SIGN_STYLE = Automatic;
				COMBINE_HIDPI_IMAGES = YES;
				DEVELOPMENT_TEAM = Q4W6V6V4T5;
				ENABLE_HARDENED_RUNTIME = YES;
				ENABLE_PREVIEWS = YES;
				INFOPLIST_FILE = macOS/Info.plist;
				LD_RUNPATH_SEARCH_PATHS = (
					"$(inherited)",
					"@executable_path/../Frameworks",
				);
				MACOSX_DEPLOYMENT_TARGET = 11.0;
				PRODUCT_BUNDLE_IDENTIFIER = "com.Distance-Converter.Lab04-Book-Club";
				PRODUCT_NAME = Lab04_Book_Club;
				SDKROOT = macosx;
				SWIFT_VERSION = 5.0;
			};
			name = Release;
		};
		3DEE2BB025DB49F0003E64C6 /* Debug */ = {
			isa = XCBuildConfiguration;
			buildSettings = {
				ALWAYS_EMBED_SWIFT_STANDARD_LIBRARIES = YES;
				CODE_SIGN_STYLE = Automatic;
				DEVELOPMENT_TEAM = Q4W6V6V4T5;
				INFOPLIST_FILE = "Tests iOS/Info.plist";
				IPHONEOS_DEPLOYMENT_TARGET = 14.4;
				LD_RUNPATH_SEARCH_PATHS = (
					"$(inherited)",
					"@executable_path/Frameworks",
					"@loader_path/Frameworks",
				);
				PRODUCT_BUNDLE_IDENTIFIER = "com.Distance-Converter.Tests-iOS";
				PRODUCT_NAME = "$(TARGET_NAME)";
				SDKROOT = iphoneos;
				SWIFT_VERSION = 5.0;
				TARGETED_DEVICE_FAMILY = "1,2";
				TEST_TARGET_NAME = "Lab04_Book_Club (iOS)";
			};
			name = Debug;
		};
		3DEE2BB125DB49F0003E64C6 /* Release */ = {
			isa = XCBuildConfiguration;
			buildSettings = {
				ALWAYS_EMBED_SWIFT_STANDARD_LIBRARIES = YES;
				CODE_SIGN_STYLE = Automatic;
				DEVELOPMENT_TEAM = Q4W6V6V4T5;
				INFOPLIST_FILE = "Tests iOS/Info.plist";
				IPHONEOS_DEPLOYMENT_TARGET = 14.4;
				LD_RUNPATH_SEARCH_PATHS = (
					"$(inherited)",
					"@executable_path/Frameworks",
					"@loader_path/Frameworks",
				);
				PRODUCT_BUNDLE_IDENTIFIER = "com.Distance-Converter.Tests-iOS";
				PRODUCT_NAME = "$(TARGET_NAME)";
				SDKROOT = iphoneos;
				SWIFT_VERSION = 5.0;
				TARGETED_DEVICE_FAMILY = "1,2";
				TEST_TARGET_NAME = "Lab04_Book_Club (iOS)";
				VALIDATE_PRODUCT = YES;
			};
			name = Release;
		};
		3DEE2BB325DB49F0003E64C6 /* Debug */ = {
			isa = XCBuildConfiguration;
			buildSettings = {
				ALWAYS_EMBED_SWIFT_STANDARD_LIBRARIES = YES;
				CODE_SIGN_STYLE = Automatic;
				COMBINE_HIDPI_IMAGES = YES;
				DEVELOPMENT_TEAM = Q4W6V6V4T5;
				INFOPLIST_FILE = "Tests macOS/Info.plist";
				LD_RUNPATH_SEARCH_PATHS = (
					"$(inherited)",
					"@executable_path/../Frameworks",
					"@loader_path/../Frameworks",
				);
				MACOSX_DEPLOYMENT_TARGET = 10.15;
				PRODUCT_BUNDLE_IDENTIFIER = "com.Distance-Converter.Tests-macOS";
				PRODUCT_NAME = "$(TARGET_NAME)";
				SDKROOT = macosx;
				SWIFT_VERSION = 5.0;
				TEST_TARGET_NAME = "Lab04_Book_Club (macOS)";
			};
			name = Debug;
		};
		3DEE2BB425DB49F0003E64C6 /* Release */ = {
			isa = XCBuildConfiguration;
			buildSettings = {
				ALWAYS_EMBED_SWIFT_STANDARD_LIBRARIES = YES;
				CODE_SIGN_STYLE = Automatic;
				COMBINE_HIDPI_IMAGES = YES;
				DEVELOPMENT_TEAM = Q4W6V6V4T5;
				INFOPLIST_FILE = "Tests macOS/Info.plist";
				LD_RUNPATH_SEARCH_PATHS = (
					"$(inherited)",
					"@executable_path/../Frameworks",
					"@loader_path/../Frameworks",
				);
				MACOSX_DEPLOYMENT_TARGET = 10.15;
				PRODUCT_BUNDLE_IDENTIFIER = "com.Distance-Converter.Tests-macOS";
				PRODUCT_NAME = "$(TARGET_NAME)";
				SDKROOT = macosx;
				SWIFT_VERSION = 5.0;
				TEST_TARGET_NAME = "Lab04_Book_Club (macOS)";
			};
			name = Release;
		};
/* End XCBuildConfiguration section */

/* Begin XCConfigurationList section */
		3DEE2B7625DB49EE003E64C6 /* Build configuration list for PBXProject "Lab04_Book_Club" */ = {
			isa = XCConfigurationList;
			buildConfigurations = (
				3DEE2BA725DB49F0003E64C6 /* Debug */,
				3DEE2BA825DB49F0003E64C6 /* Release */,
			);
			defaultConfigurationIsVisible = 0;
			defaultConfigurationName = Release;
		};
		3DEE2BA925DB49F0003E64C6 /* Build configuration list for PBXNativeTarget "Lab04_Book_Club (iOS)" */ = {
			isa = XCConfigurationList;
			buildConfigurations = (
				3DEE2BAA25DB49F0003E64C6 /* Debug */,
				3DEE2BAB25DB49F0003E64C6 /* Release */,
			);
			defaultConfigurationIsVisible = 0;
			defaultConfigurationName = Release;
		};
		3DEE2BAC25DB49F0003E64C6 /* Build configuration list for PBXNativeTarget "Lab04_Book_Club (macOS)" */ = {
			isa = XCConfigurationList;
			buildConfigurations = (
				3DEE2BAD25DB49F0003E64C6 /* Debug */,
				3DEE2BAE25DB49F0003E64C6 /* Release */,
			);
			defaultConfigurationIsVisible = 0;
			defaultConfigurationName = Release;
		};
		3DEE2BAF25DB49F0003E64C6 /* Build configuration list for PBXNativeTarget "Tests iOS" */ = {
			isa = XCConfigurationList;
			buildConfigurations = (
				3DEE2BB025DB49F0003E64C6 /* Debug */,
				3DEE2BB125DB49F0003E64C6 /* Release */,
			);
			defaultConfigurationIsVisible = 0;
			defaultConfigurationName = Release;
		};
		3DEE2BB225DB49F0003E64C6 /* Build configuration list for PBXNativeTarget "Tests macOS" */ = {
			isa = XCConfigurationList;
			buildConfigurations = (
				3DEE2BB325DB49F0003E64C6 /* Debug */,
				3DEE2BB425DB49F0003E64C6 /* Release */,
			);
			defaultConfigurationIsVisible = 0;
			defaultConfigurationName = Release;
		};
/* End XCConfigurationList section */
	};
	rootObject = 3DEE2B7325DB49EE003E64C6 /* Project object */;
}
