// !$*UTF8*$!
{
	archiveVersion = 1;
	classes = {
	};
	objectVersion = 50;
	objects = {

/* Begin PBXBuildFile section */
		3DEE2A9525DB3FB3003E64C6 /* AppDelegate.swift in Sources */ = {isa = PBXBuildFile; fileRef = 3DEE2A9425DB3FB3003E64C6 /* AppDelegate.swift */; };
		3DEE2A9725DB3FB3003E64C6 /* SceneDelegate.swift in Sources */ = {isa = PBXBuildFile; fileRef = 3DEE2A9625DB3FB3003E64C6 /* SceneDelegate.swift */; };
		3DEE2A9C25DB3FB3003E64C6 /* Main.storyboard in Resources */ = {isa = PBXBuildFile; fileRef = 3DEE2A9A25DB3FB3003E64C6 /* Main.storyboard */; };
		3DEE2A9E25DB3FB5003E64C6 /* Assets.xcassets in Resources */ = {isa = PBXBuildFile; fileRef = 3DEE2A9D25DB3FB5003E64C6 /* Assets.xcassets */; };
		3DEE2AA125DB3FB5003E64C6 /* LaunchScreen.storyboard in Resources */ = {isa = PBXBuildFile; fileRef = 3DEE2A9F25DB3FB5003E64C6 /* LaunchScreen.storyboard */; };
		3DEE2AAC25DB3FB5003E64C6 /* Lab04_BookClub_RedoTests.swift in Sources */ = {isa = PBXBuildFile; fileRef = 3DEE2AAB25DB3FB5003E64C6 /* Lab04_BookClub_RedoTests.swift */; };
		3DEE2AB725DB3FB5003E64C6 /* Lab04_BookClub_RedoUITests.swift in Sources */ = {isa = PBXBuildFile; fileRef = 3DEE2AB625DB3FB5003E64C6 /* Lab04_BookClub_RedoUITests.swift */; };
		3DEE2AC825DB421B003E64C6 /* BooksUIViewController.swift in Sources */ = {isa = PBXBuildFile; fileRef = 3DEE2AC725DB421B003E64C6 /* BooksUIViewController.swift */; };
		3DEE2ACD25DB4283003E64C6 /* UserUIViewController.swift in Sources */ = {isa = PBXBuildFile; fileRef = 3DEE2ACC25DB4283003E64C6 /* UserUIViewController.swift */; };
		3DEE2ADD25DB42DC003E64C6 /* UITabBarController.swift in Sources */ = {isa = PBXBuildFile; fileRef = 3DEE2ADC25DB42DC003E64C6 /* UITabBarController.swift */; };
		3DEE2AE225DB4343003E64C6 /* ClubInfoUIViewController.swift in Sources */ = {isa = PBXBuildFile; fileRef = 3DEE2AE125DB4343003E64C6 /* ClubInfoUIViewController.swift */; };
/* End PBXBuildFile section */

/* Begin PBXContainerItemProxy section */
		3DEE2AA825DB3FB5003E64C6 /* PBXContainerItemProxy */ = {
			isa = PBXContainerItemProxy;
			containerPortal = 3DEE2A8925DB3FB3003E64C6 /* Project object */;
			proxyType = 1;
			remoteGlobalIDString = 3DEE2A9025DB3FB3003E64C6;
			remoteInfo = "Lab04-BookClub-Redo";
		};
		3DEE2AB325DB3FB5003E64C6 /* PBXContainerItemProxy */ = {
			isa = PBXContainerItemProxy;
			containerPortal = 3DEE2A8925DB3FB3003E64C6 /* Project object */;
			proxyType = 1;
			remoteGlobalIDString = 3DEE2A9025DB3FB3003E64C6;
			remoteInfo = "Lab04-BookClub-Redo";
		};
/* End PBXContainerItemProxy section */

/* Begin PBXFileReference section */
		3DEE2A9125DB3FB3003E64C6 /* Lab04-BookClub-Redo.app */ = {isa = PBXFileReference; explicitFileType = wrapper.application; includeInIndex = 0; path = "Lab04-BookClub-Redo.app"; sourceTree = BUILT_PRODUCTS_DIR; };
		3DEE2A9425DB3FB3003E64C6 /* AppDelegate.swift */ = {isa = PBXFileReference; lastKnownFileType = sourcecode.swift; path = AppDelegate.swift; sourceTree = "<group>"; };
		3DEE2A9625DB3FB3003E64C6 /* SceneDelegate.swift */ = {isa = PBXFileReference; lastKnownFileType = sourcecode.swift; path = SceneDelegate.swift; sourceTree = "<group>"; };
		3DEE2A9B25DB3FB3003E64C6 /* Base */ = {isa = PBXFileReference; lastKnownFileType = file.storyboard; name = Base; path = Base.lproj/Main.storyboard; sourceTree = "<group>"; };
		3DEE2A9D25DB3FB5003E64C6 /* Assets.xcassets */ = {isa = PBXFileReference; lastKnownFileType = folder.assetcatalog; path = Assets.xcassets; sourceTree = "<group>"; };
		3DEE2AA025DB3FB5003E64C6 /* Base */ = {isa = PBXFileReference; lastKnownFileType = file.storyboard; name = Base; path = Base.lproj/LaunchScreen.storyboard; sourceTree = "<group>"; };
		3DEE2AA225DB3FB5003E64C6 /* Info.plist */ = {isa = PBXFileReference; lastKnownFileType = text.plist.xml; path = Info.plist; sourceTree = "<group>"; };
		3DEE2AA725DB3FB5003E64C6 /* Lab04-BookClub-RedoTests.xctest */ = {isa = PBXFileReference; explicitFileType = wrapper.cfbundle; includeInIndex = 0; path = "Lab04-BookClub-RedoTests.xctest"; sourceTree = BUILT_PRODUCTS_DIR; };
		3DEE2AAB25DB3FB5003E64C6 /* Lab04_BookClub_RedoTests.swift */ = {isa = PBXFileReference; lastKnownFileType = sourcecode.swift; path = Lab04_BookClub_RedoTests.swift; sourceTree = "<group>"; };
		3DEE2AAD25DB3FB5003E64C6 /* Info.plist */ = {isa = PBXFileReference; lastKnownFileType = text.plist.xml; path = Info.plist; sourceTree = "<group>"; };
		3DEE2AB225DB3FB5003E64C6 /* Lab04-BookClub-RedoUITests.xctest */ = {isa = PBXFileReference; explicitFileType = wrapper.cfbundle; includeInIndex = 0; path = "Lab04-BookClub-RedoUITests.xctest"; sourceTree = BUILT_PRODUCTS_DIR; };
		3DEE2AB625DB3FB5003E64C6 /* Lab04_BookClub_RedoUITests.swift */ = {isa = PBXFileReference; lastKnownFileType = sourcecode.swift; path = Lab04_BookClub_RedoUITests.swift; sourceTree = "<group>"; };
		3DEE2AB825DB3FB5003E64C6 /* Info.plist */ = {isa = PBXFileReference; lastKnownFileType = text.plist.xml; path = Info.plist; sourceTree = "<group>"; };
		3DEE2AC725DB421B003E64C6 /* BooksUIViewController.swift */ = {isa = PBXFileReference; lastKnownFileType = sourcecode.swift; path = BooksUIViewController.swift; sourceTree = "<group>"; };
		3DEE2ACC25DB4283003E64C6 /* UserUIViewController.swift */ = {isa = PBXFileReference; lastKnownFileType = sourcecode.swift; path = UserUIViewController.swift; sourceTree = "<group>"; };
		3DEE2ADC25DB42DC003E64C6 /* UITabBarController.swift */ = {isa = PBXFileReference; lastKnownFileType = sourcecode.swift; path = UITabBarController.swift; sourceTree = "<group>"; };
		3DEE2AE125DB4343003E64C6 /* ClubInfoUIViewController.swift */ = {isa = PBXFileReference; lastKnownFileType = sourcecode.swift; path = ClubInfoUIViewController.swift; sourceTree = "<group>"; };
/* End PBXFileReference section */

/* Begin PBXFrameworksBuildPhase section */
		3DEE2A8E25DB3FB3003E64C6 /* Frameworks */ = {
			isa = PBXFrameworksBuildPhase;
			buildActionMask = 2147483647;
			files = (
			);
			runOnlyForDeploymentPostprocessing = 0;
		};
		3DEE2AA425DB3FB5003E64C6 /* Frameworks */ = {
			isa = PBXFrameworksBuildPhase;
			buildActionMask = 2147483647;
			files = (
			);
			runOnlyForDeploymentPostprocessing = 0;
		};
		3DEE2AAF25DB3FB5003E64C6 /* Frameworks */ = {
			isa = PBXFrameworksBuildPhase;
			buildActionMask = 2147483647;
			files = (
			);
			runOnlyForDeploymentPostprocessing = 0;
		};
/* End PBXFrameworksBuildPhase section */

/* Begin PBXGroup section */
		3DEE2A8825DB3FB3003E64C6 = {
			isa = PBXGroup;
			children = (
				3DEE2A9325DB3FB3003E64C6 /* Lab04-BookClub-Redo */,
				3DEE2AAA25DB3FB5003E64C6 /* Lab04-BookClub-RedoTests */,
				3DEE2AB525DB3FB5003E64C6 /* Lab04-BookClub-RedoUITests */,
				3DEE2A9225DB3FB3003E64C6 /* Products */,
			);
			sourceTree = "<group>";
		};
		3DEE2A9225DB3FB3003E64C6 /* Products */ = {
			isa = PBXGroup;
			children = (
				3DEE2A9125DB3FB3003E64C6 /* Lab04-BookClub-Redo.app */,
				3DEE2AA725DB3FB5003E64C6 /* Lab04-BookClub-RedoTests.xctest */,
				3DEE2AB225DB3FB5003E64C6 /* Lab04-BookClub-RedoUITests.xctest */,
			);
			name = Products;
			sourceTree = "<group>";
		};
		3DEE2A9325DB3FB3003E64C6 /* Lab04-BookClub-Redo */ = {
			isa = PBXGroup;
			children = (
				3DEE2AC725DB421B003E64C6 /* BooksUIViewController.swift */,
				3DEE2ACC25DB4283003E64C6 /* UserUIViewController.swift */,
				3DEE2AE125DB4343003E64C6 /* ClubInfoUIViewController.swift */,
				3DEE2ADC25DB42DC003E64C6 /* UITabBarController.swift */,
				3DEE2A9425DB3FB3003E64C6 /* AppDelegate.swift */,
				3DEE2A9625DB3FB3003E64C6 /* SceneDelegate.swift */,
				3DEE2A9A25DB3FB3003E64C6 /* Main.storyboard */,
				3DEE2A9D25DB3FB5003E64C6 /* Assets.xcassets */,
				3DEE2A9F25DB3FB5003E64C6 /* LaunchScreen.storyboard */,
				3DEE2AA225DB3FB5003E64C6 /* Info.plist */,
			);
			path = "Lab04-BookClub-Redo";
			sourceTree = "<group>";
		};
		3DEE2AAA25DB3FB5003E64C6 /* Lab04-BookClub-RedoTests */ = {
			isa = PBXGroup;
			children = (
				3DEE2AAB25DB3FB5003E64C6 /* Lab04_BookClub_RedoTests.swift */,
				3DEE2AAD25DB3FB5003E64C6 /* Info.plist */,
			);
			path = "Lab04-BookClub-RedoTests";
			sourceTree = "<group>";
		};
		3DEE2AB525DB3FB5003E64C6 /* Lab04-BookClub-RedoUITests */ = {
			isa = PBXGroup;
			children = (
				3DEE2AB625DB3FB5003E64C6 /* Lab04_BookClub_RedoUITests.swift */,
				3DEE2AB825DB3FB5003E64C6 /* Info.plist */,
			);
			path = "Lab04-BookClub-RedoUITests";
			sourceTree = "<group>";
		};
/* End PBXGroup section */

/* Begin PBXNativeTarget section */
		3DEE2A9025DB3FB3003E64C6 /* Lab04-BookClub-Redo */ = {
			isa = PBXNativeTarget;
			buildConfigurationList = 3DEE2ABB25DB3FB5003E64C6 /* Build configuration list for PBXNativeTarget "Lab04-BookClub-Redo" */;
			buildPhases = (
				3DEE2A8D25DB3FB3003E64C6 /* Sources */,
				3DEE2A8E25DB3FB3003E64C6 /* Frameworks */,
				3DEE2A8F25DB3FB3003E64C6 /* Resources */,
			);
			buildRules = (
			);
			dependencies = (
			);
			name = "Lab04-BookClub-Redo";
			productName = "Lab04-BookClub-Redo";
			productReference = 3DEE2A9125DB3FB3003E64C6 /* Lab04-BookClub-Redo.app */;
			productType = "com.apple.product-type.application";
		};
		3DEE2AA625DB3FB5003E64C6 /* Lab04-BookClub-RedoTests */ = {
			isa = PBXNativeTarget;
			buildConfigurationList = 3DEE2ABE25DB3FB5003E64C6 /* Build configuration list for PBXNativeTarget "Lab04-BookClub-RedoTests" */;
			buildPhases = (
				3DEE2AA325DB3FB5003E64C6 /* Sources */,
				3DEE2AA425DB3FB5003E64C6 /* Frameworks */,
				3DEE2AA525DB3FB5003E64C6 /* Resources */,
			);
			buildRules = (
			);
			dependencies = (
				3DEE2AA925DB3FB5003E64C6 /* PBXTargetDependency */,
			);
			name = "Lab04-BookClub-RedoTests";
			productName = "Lab04-BookClub-RedoTests";
			productReference = 3DEE2AA725DB3FB5003E64C6 /* Lab04-BookClub-RedoTests.xctest */;
			productType = "com.apple.product-type.bundle.unit-test";
		};
		3DEE2AB125DB3FB5003E64C6 /* Lab04-BookClub-RedoUITests */ = {
			isa = PBXNativeTarget;
			buildConfigurationList = 3DEE2AC125DB3FB5003E64C6 /* Build configuration list for PBXNativeTarget "Lab04-BookClub-RedoUITests" */;
			buildPhases = (
				3DEE2AAE25DB3FB5003E64C6 /* Sources */,
				3DEE2AAF25DB3FB5003E64C6 /* Frameworks */,
				3DEE2AB025DB3FB5003E64C6 /* Resources */,
			);
			buildRules = (
			);
			dependencies = (
				3DEE2AB425DB3FB5003E64C6 /* PBXTargetDependency */,
			);
			name = "Lab04-BookClub-RedoUITests";
			productName = "Lab04-BookClub-RedoUITests";
			productReference = 3DEE2AB225DB3FB5003E64C6 /* Lab04-BookClub-RedoUITests.xctest */;
			productType = "com.apple.product-type.bundle.ui-testing";
		};
/* End PBXNativeTarget section */

/* Begin PBXProject section */
		3DEE2A8925DB3FB3003E64C6 /* Project object */ = {
			isa = PBXProject;
			attributes = {
				LastSwiftUpdateCheck = 1240;
				LastUpgradeCheck = 1240;
				TargetAttributes = {
					3DEE2A9025DB3FB3003E64C6 = {
						CreatedOnToolsVersion = 12.4;
					};
					3DEE2AA625DB3FB5003E64C6 = {
						CreatedOnToolsVersion = 12.4;
						TestTargetID = 3DEE2A9025DB3FB3003E64C6;
					};
					3DEE2AB125DB3FB5003E64C6 = {
						CreatedOnToolsVersion = 12.4;
						TestTargetID = 3DEE2A9025DB3FB3003E64C6;
					};
				};
			};
			buildConfigurationList = 3DEE2A8C25DB3FB3003E64C6 /* Build configuration list for PBXProject "Lab04-BookClub-Redo" */;
			compatibilityVersion = "Xcode 9.3";
			developmentRegion = en;
			hasScannedForEncodings = 0;
			knownRegions = (
				en,
				Base,
			);
			mainGroup = 3DEE2A8825DB3FB3003E64C6;
			productRefGroup = 3DEE2A9225DB3FB3003E64C6 /* Products */;
			projectDirPath = "";
			projectRoot = "";
			targets = (
				3DEE2A9025DB3FB3003E64C6 /* Lab04-BookClub-Redo */,
				3DEE2AA625DB3FB5003E64C6 /* Lab04-BookClub-RedoTests */,
				3DEE2AB125DB3FB5003E64C6 /* Lab04-BookClub-RedoUITests */,
			);
		};
/* End PBXProject section */

/* Begin PBXResourcesBuildPhase section */
		3DEE2A8F25DB3FB3003E64C6 /* Resources */ = {
			isa = PBXResourcesBuildPhase;
			buildActionMask = 2147483647;
			files = (
				3DEE2AA125DB3FB5003E64C6 /* LaunchScreen.storyboard in Resources */,
				3DEE2A9E25DB3FB5003E64C6 /* Assets.xcassets in Resources */,
				3DEE2A9C25DB3FB3003E64C6 /* Main.storyboard in Resources */,
			);
			runOnlyForDeploymentPostprocessing = 0;
		};
		3DEE2AA525DB3FB5003E64C6 /* Resources */ = {
			isa = PBXResourcesBuildPhase;
			buildActionMask = 2147483647;
			files = (
			);
			runOnlyForDeploymentPostprocessing = 0;
		};
		3DEE2AB025DB3FB5003E64C6 /* Resources */ = {
			isa = PBXResourcesBuildPhase;
			buildActionMask = 2147483647;
			files = (
			);
			runOnlyForDeploymentPostprocessing = 0;
		};
/* End PBXResourcesBuildPhase section */

/* Begin PBXSourcesBuildPhase section */
		3DEE2A8D25DB3FB3003E64C6 /* Sources */ = {
			isa = PBXSourcesBuildPhase;
			buildActionMask = 2147483647;
			files = (
				3DEE2ADD25DB42DC003E64C6 /* UITabBarController.swift in Sources */,
				3DEE2AC825DB421B003E64C6 /* BooksUIViewController.swift in Sources */,
				3DEE2A9525DB3FB3003E64C6 /* AppDelegate.swift in Sources */,
				3DEE2ACD25DB4283003E64C6 /* UserUIViewController.swift in Sources */,
				3DEE2AE225DB4343003E64C6 /* ClubInfoUIViewController.swift in Sources */,
				3DEE2A9725DB3FB3003E64C6 /* SceneDelegate.swift in Sources */,
			);
			runOnlyForDeploymentPostprocessing = 0;
		};
		3DEE2AA325DB3FB5003E64C6 /* Sources */ = {
			isa = PBXSourcesBuildPhase;
			buildActionMask = 2147483647;
			files = (
				3DEE2AAC25DB3FB5003E64C6 /* Lab04_BookClub_RedoTests.swift in Sources */,
			);
			runOnlyForDeploymentPostprocessing = 0;
		};
		3DEE2AAE25DB3FB5003E64C6 /* Sources */ = {
			isa = PBXSourcesBuildPhase;
			buildActionMask = 2147483647;
			files = (
				3DEE2AB725DB3FB5003E64C6 /* Lab04_BookClub_RedoUITests.swift in Sources */,
			);
			runOnlyForDeploymentPostprocessing = 0;
		};
/* End PBXSourcesBuildPhase section */

/* Begin PBXTargetDependency section */
		3DEE2AA925DB3FB5003E64C6 /* PBXTargetDependency */ = {
			isa = PBXTargetDependency;
			target = 3DEE2A9025DB3FB3003E64C6 /* Lab04-BookClub-Redo */;
			targetProxy = 3DEE2AA825DB3FB5003E64C6 /* PBXContainerItemProxy */;
		};
		3DEE2AB425DB3FB5003E64C6 /* PBXTargetDependency */ = {
			isa = PBXTargetDependency;
			target = 3DEE2A9025DB3FB3003E64C6 /* Lab04-BookClub-Redo */;
			targetProxy = 3DEE2AB325DB3FB5003E64C6 /* PBXContainerItemProxy */;
		};
/* End PBXTargetDependency section */

/* Begin PBXVariantGroup section */
		3DEE2A9A25DB3FB3003E64C6 /* Main.storyboard */ = {
			isa = PBXVariantGroup;
			children = (
				3DEE2A9B25DB3FB3003E64C6 /* Base */,
			);
			name = Main.storyboard;
			sourceTree = "<group>";
		};
		3DEE2A9F25DB3FB5003E64C6 /* LaunchScreen.storyboard */ = {
			isa = PBXVariantGroup;
			children = (
				3DEE2AA025DB3FB5003E64C6 /* Base */,
			);
			name = LaunchScreen.storyboard;
			sourceTree = "<group>";
		};
/* End PBXVariantGroup section */

/* Begin XCBuildConfiguration section */
		3DEE2AB925DB3FB5003E64C6 /* Debug */ = {
			isa = XCBuildConfiguration;
			buildSettings = {
				ALWAYS_SEARCH_USER_PATHS = NO;
				CLANG_ANALYZER_NONNULL = YES;
				CLANG_ANALYZER_NUMBER_OBJECT_CONVERSION = YES_AGGRESSIVE;
				CLANG_CXX_LANGUAGE_STANDARD = "gnu++14";
				CLANG_CXX_LIBRARY = "libc++";
				CLANG_ENABLE_MODULES = YES;
				CLANG_ENABLE_OBJC_ARC = YES;
				CLANG_ENABLE_OBJC_WEAK = YES;
				CLANG_WARN_BLOCK_CAPTURE_AUTORELEASING = YES;
				CLANG_WARN_BOOL_CONVERSION = YES;
				CLANG_WARN_COMMA = YES;
				CLANG_WARN_CONSTANT_CONVERSION = YES;
				CLANG_WARN_DEPRECATED_OBJC_IMPLEMENTATIONS = YES;
				CLANG_WARN_DIRECT_OBJC_ISA_USAGE = YES_ERROR;
				CLANG_WARN_DOCUMENTATION_COMMENTS = YES;
				CLANG_WARN_EMPTY_BODY = YES;
				CLANG_WARN_ENUM_CONVERSION = YES;
				CLANG_WARN_INFINITE_RECURSION = YES;
				CLANG_WARN_INT_CONVERSION = YES;
				CLANG_WARN_NON_LITERAL_NULL_CONVERSION = YES;
				CLANG_WARN_OBJC_IMPLICIT_RETAIN_SELF = YES;
				CLANG_WARN_OBJC_LITERAL_CONVERSION = YES;
				CLANG_WARN_OBJC_ROOT_CLASS = YES_ERROR;
				CLANG_WARN_QUOTED_INCLUDE_IN_FRAMEWORK_HEADER = YES;
				CLANG_WARN_RANGE_LOOP_ANALYSIS = YES;
				CLANG_WARN_STRICT_PROTOTYPES = YES;
				CLANG_WARN_SUSPICIOUS_MOVE = YES;
				CLANG_WARN_UNGUARDED_AVAILABILITY = YES_AGGRESSIVE;
				CLANG_WARN_UNREACHABLE_CODE = YES;
				CLANG_WARN__DUPLICATE_METHOD_MATCH = YES;
				COPY_PHASE_STRIP = NO;
				DEBUG_INFORMATION_FORMAT = dwarf;
				ENABLE_STRICT_OBJC_MSGSEND = YES;
				ENABLE_TESTABILITY = YES;
				GCC_C_LANGUAGE_STANDARD = gnu11;
				GCC_DYNAMIC_NO_PIC = NO;
				GCC_NO_COMMON_BLOCKS = YES;
				GCC_OPTIMIZATION_LEVEL = 0;
				GCC_PREPROCESSOR_DEFINITIONS = (
					"DEBUG=1",
					"$(inherited)",
				);
				GCC_WARN_64_TO_32_BIT_CONVERSION = YES;
				GCC_WARN_ABOUT_RETURN_TYPE = YES_ERROR;
				GCC_WARN_UNDECLARED_SELECTOR = YES;
				GCC_WARN_UNINITIALIZED_AUTOS = YES_AGGRESSIVE;
				GCC_WARN_UNUSED_FUNCTION = YES;
				GCC_WARN_UNUSED_VARIABLE = YES;
				IPHONEOS_DEPLOYMENT_TARGET = 14.4;
				MTL_ENABLE_DEBUG_INFO = INCLUDE_SOURCE;
				MTL_FAST_MATH = YES;
				ONLY_ACTIVE_ARCH = YES;
				SDKROOT = iphoneos;
				SWIFT_ACTIVE_COMPILATION_CONDITIONS = DEBUG;
				SWIFT_OPTIMIZATION_LEVEL = "-Onone";
			};
			name = Debug;
		};
		3DEE2ABA25DB3FB5003E64C6 /* Release */ = {
			isa = XCBuildConfiguration;
			buildSettings = {
				ALWAYS_SEARCH_USER_PATHS = NO;
				CLANG_ANALYZER_NONNULL = YES;
				CLANG_ANALYZER_NUMBER_OBJECT_CONVERSION = YES_AGGRESSIVE;
				CLANG_CXX_LANGUAGE_STANDARD = "gnu++14";
				CLANG_CXX_LIBRARY = "libc++";
				CLANG_ENABLE_MODULES = YES;
				CLANG_ENABLE_OBJC_ARC = YES;
				CLANG_ENABLE_OBJC_WEAK = YES;
				CLANG_WARN_BLOCK_CAPTURE_AUTORELEASING = YES;
				CLANG_WARN_BOOL_CONVERSION = YES;
				CLANG_WARN_COMMA = YES;
				CLANG_WARN_CONSTANT_CONVERSION = YES;
				CLANG_WARN_DEPRECATED_OBJC_IMPLEMENTATIONS = YES;
				CLANG_WARN_DIRECT_OBJC_ISA_USAGE = YES_ERROR;
				CLANG_WARN_DOCUMENTATION_COMMENTS = YES;
				CLANG_WARN_EMPTY_BODY = YES;
				CLANG_WARN_ENUM_CONVERSION = YES;
				CLANG_WARN_INFINITE_RECURSION = YES;
				CLANG_WARN_INT_CONVERSION = YES;
				CLANG_WARN_NON_LITERAL_NULL_CONVERSION = YES;
				CLANG_WARN_OBJC_IMPLICIT_RETAIN_SELF = YES;
				CLANG_WARN_OBJC_LITERAL_CONVERSION = YES;
				CLANG_WARN_OBJC_ROOT_CLASS = YES_ERROR;
				CLANG_WARN_QUOTED_INCLUDE_IN_FRAMEWORK_HEADER = YES;
				CLANG_WARN_RANGE_LOOP_ANALYSIS = YES;
				CLANG_WARN_STRICT_PROTOTYPES = YES;
				CLANG_WARN_SUSPICIOUS_MOVE = YES;
				CLANG_WARN_UNGUARDED_AVAILABILITY = YES_AGGRESSIVE;
				CLANG_WARN_UNREACHABLE_CODE = YES;
				CLANG_WARN__DUPLICATE_METHOD_MATCH = YES;
				COPY_PHASE_STRIP = NO;
				DEBUG_INFORMATION_FORMAT = "dwarf-with-dsym";
				ENABLE_NS_ASSERTIONS = NO;
				ENABLE_STRICT_OBJC_MSGSEND = YES;
				GCC_C_LANGUAGE_STANDARD = gnu11;
				GCC_NO_COMMON_BLOCKS = YES;
				GCC_WARN_64_TO_32_BIT_CONVERSION = YES;
				GCC_WARN_ABOUT_RETURN_TYPE = YES_ERROR;
				GCC_WARN_UNDECLARED_SELECTOR = YES;
				GCC_WARN_UNINITIALIZED_AUTOS = YES_AGGRESSIVE;
				GCC_WARN_UNUSED_FUNCTION = YES;
				GCC_WARN_UNUSED_VARIABLE = YES;
				IPHONEOS_DEPLOYMENT_TARGET = 14.4;
				MTL_ENABLE_DEBUG_INFO = NO;
				MTL_FAST_MATH = YES;
				SDKROOT = iphoneos;
				SWIFT_COMPILATION_MODE = wholemodule;
				SWIFT_OPTIMIZATION_LEVEL = "-O";
				VALIDATE_PRODUCT = YES;
			};
			name = Release;
		};
		3DEE2ABC25DB3FB5003E64C6 /* Debug */ = {
			isa = XCBuildConfiguration;
			buildSettings = {
				ASSETCATALOG_COMPILER_APPICON_NAME = AppIcon;
				ASSETCATALOG_COMPILER_GLOBAL_ACCENT_COLOR_NAME = AccentColor;
				CODE_SIGN_STYLE = Automatic;
				DEVELOPMENT_TEAM = Q4W6V6V4T5;
				INFOPLIST_FILE = "Lab04-BookClub-Redo/Info.plist";
				LD_RUNPATH_SEARCH_PATHS = (
					"$(inherited)",
					"@executable_path/Frameworks",
				);
				PRODUCT_BUNDLE_IDENTIFIER = "com.Distance-Converter.Lab04-BookClub-Redo";
				PRODUCT_NAME = "$(TARGET_NAME)";
				SWIFT_VERSION = 5.0;
				TARGETED_DEVICE_FAMILY = "1,2";
			};
			name = Debug;
		};
		3DEE2ABD25DB3FB5003E64C6 /* Release */ = {
			isa = XCBuildConfiguration;
			buildSettings = {
				ASSETCATALOG_COMPILER_APPICON_NAME = AppIcon;
				ASSETCATALOG_COMPILER_GLOBAL_ACCENT_COLOR_NAME = AccentColor;
				CODE_SIGN_STYLE = Automatic;
				DEVELOPMENT_TEAM = Q4W6V6V4T5;
				INFOPLIST_FILE = "Lab04-BookClub-Redo/Info.plist";
				LD_RUNPATH_SEARCH_PATHS = (
					"$(inherited)",
					"@executable_path/Frameworks",
				);
				PRODUCT_BUNDLE_IDENTIFIER = "com.Distance-Converter.Lab04-BookClub-Redo";
				PRODUCT_NAME = "$(TARGET_NAME)";
				SWIFT_VERSION = 5.0;
				TARGETED_DEVICE_FAMILY = "1,2";
			};
			name = Release;
		};
		3DEE2ABF25DB3FB5003E64C6 /* Debug */ = {
			isa = XCBuildConfiguration;
			buildSettings = {
				ALWAYS_EMBED_SWIFT_STANDARD_LIBRARIES = YES;
				BUNDLE_LOADER = "$(TEST_HOST)";
				CODE_SIGN_STYLE = Automatic;
				DEVELOPMENT_TEAM = Q4W6V6V4T5;
				INFOPLIST_FILE = "Lab04-BookClub-RedoTests/Info.plist";
				IPHONEOS_DEPLOYMENT_TARGET = 14.4;
				LD_RUNPATH_SEARCH_PATHS = (
					"$(inherited)",
					"@executable_path/Frameworks",
					"@loader_path/Frameworks",
				);
				PRODUCT_BUNDLE_IDENTIFIER = "com.Distance-Converter.Lab04-BookClub-RedoTests";
				PRODUCT_NAME = "$(TARGET_NAME)";
				SWIFT_VERSION = 5.0;
				TARGETED_DEVICE_FAMILY = "1,2";
				TEST_HOST = "$(BUILT_PRODUCTS_DIR)/Lab04-BookClub-Redo.app/Lab04-BookClub-Redo";
			};
			name = Debug;
		};
		3DEE2AC025DB3FB5003E64C6 /* Release */ = {
			isa = XCBuildConfiguration;
			buildSettings = {
				ALWAYS_EMBED_SWIFT_STANDARD_LIBRARIES = YES;
				BUNDLE_LOADER = "$(TEST_HOST)";
				CODE_SIGN_STYLE = Automatic;
				DEVELOPMENT_TEAM = Q4W6V6V4T5;
				INFOPLIST_FILE = "Lab04-BookClub-RedoTests/Info.plist";
				IPHONEOS_DEPLOYMENT_TARGET = 14.4;
				LD_RUNPATH_SEARCH_PATHS = (
					"$(inherited)",
					"@executable_path/Frameworks",
					"@loader_path/Frameworks",
				);
				PRODUCT_BUNDLE_IDENTIFIER = "com.Distance-Converter.Lab04-BookClub-RedoTests";
				PRODUCT_NAME = "$(TARGET_NAME)";
				SWIFT_VERSION = 5.0;
				TARGETED_DEVICE_FAMILY = "1,2";
				TEST_HOST = "$(BUILT_PRODUCTS_DIR)/Lab04-BookClub-Redo.app/Lab04-BookClub-Redo";
			};
			name = Release;
		};
		3DEE2AC225DB3FB5003E64C6 /* Debug */ = {
			isa = XCBuildConfiguration;
			buildSettings = {
				ALWAYS_EMBED_SWIFT_STANDARD_LIBRARIES = YES;
				CODE_SIGN_STYLE = Automatic;
				DEVELOPMENT_TEAM = Q4W6V6V4T5;
				INFOPLIST_FILE = "Lab04-BookClub-RedoUITests/Info.plist";
				LD_RUNPATH_SEARCH_PATHS = (
					"$(inherited)",
					"@executable_path/Frameworks",
					"@loader_path/Frameworks",
				);
				PRODUCT_BUNDLE_IDENTIFIER = "com.Distance-Converter.Lab04-BookClub-RedoUITests";
				PRODUCT_NAME = "$(TARGET_NAME)";
				SWIFT_VERSION = 5.0;
				TARGETED_DEVICE_FAMILY = "1,2";
				TEST_TARGET_NAME = "Lab04-BookClub-Redo";
			};
			name = Debug;
		};
		3DEE2AC325DB3FB5003E64C6 /* Release */ = {
			isa = XCBuildConfiguration;
			buildSettings = {
				ALWAYS_EMBED_SWIFT_STANDARD_LIBRARIES = YES;
				CODE_SIGN_STYLE = Automatic;
				DEVELOPMENT_TEAM = Q4W6V6V4T5;
				INFOPLIST_FILE = "Lab04-BookClub-RedoUITests/Info.plist";
				LD_RUNPATH_SEARCH_PATHS = (
					"$(inherited)",
					"@executable_path/Frameworks",
					"@loader_path/Frameworks",
				);
				PRODUCT_BUNDLE_IDENTIFIER = "com.Distance-Converter.Lab04-BookClub-RedoUITests";
				PRODUCT_NAME = "$(TARGET_NAME)";
				SWIFT_VERSION = 5.0;
				TARGETED_DEVICE_FAMILY = "1,2";
				TEST_TARGET_NAME = "Lab04-BookClub-Redo";
			};
			name = Release;
		};
/* End XCBuildConfiguration section */

/* Begin XCConfigurationList section */
		3DEE2A8C25DB3FB3003E64C6 /* Build configuration list for PBXProject "Lab04-BookClub-Redo" */ = {
			isa = XCConfigurationList;
			buildConfigurations = (
				3DEE2AB925DB3FB5003E64C6 /* Debug */,
				3DEE2ABA25DB3FB5003E64C6 /* Release */,
			);
			defaultConfigurationIsVisible = 0;
			defaultConfigurationName = Release;
		};
		3DEE2ABB25DB3FB5003E64C6 /* Build configuration list for PBXNativeTarget "Lab04-BookClub-Redo" */ = {
			isa = XCConfigurationList;
			buildConfigurations = (
				3DEE2ABC25DB3FB5003E64C6 /* Debug */,
				3DEE2ABD25DB3FB5003E64C6 /* Release */,
			);
			defaultConfigurationIsVisible = 0;
			defaultConfigurationName = Release;
		};
		3DEE2ABE25DB3FB5003E64C6 /* Build configuration list for PBXNativeTarget "Lab04-BookClub-RedoTests" */ = {
			isa = XCConfigurationList;
			buildConfigurations = (
				3DEE2ABF25DB3FB5003E64C6 /* Debug */,
				3DEE2AC025DB3FB5003E64C6 /* Release */,
			);
			defaultConfigurationIsVisible = 0;
			defaultConfigurationName = Release;
		};
		3DEE2AC125DB3FB5003E64C6 /* Build configuration list for PBXNativeTarget "Lab04-BookClub-RedoUITests" */ = {
			isa = XCConfigurationList;
			buildConfigurations = (
				3DEE2AC225DB3FB5003E64C6 /* Debug */,
				3DEE2AC325DB3FB5003E64C6 /* Release */,
			);
			defaultConfigurationIsVisible = 0;
			defaultConfigurationName = Release;
		};
/* End XCConfigurationList section */
	};
	rootObject = 3DEE2A8925DB3FB3003E64C6 /* Project object */;
}
