// !$*UTF8*$!
{
	archiveVersion = 1;
	classes = {
	};
	objectVersion = 50;
	objects = {

/* Begin PBXBuildFile section */
		3D0DFA1E25D220A100B70563 /* AppDelegate.swift in Sources */ = {isa = PBXBuildFile; fileRef = 3D0DFA1D25D220A100B70563 /* AppDelegate.swift */; };
		3D0DFA2025D220A100B70563 /* SceneDelegate.swift in Sources */ = {isa = PBXBuildFile; fileRef = 3D0DFA1F25D220A100B70563 /* SceneDelegate.swift */; };
		3D0DFA2225D220A100B70563 /* ViewController.swift in Sources */ = {isa = PBXBuildFile; fileRef = 3D0DFA2125D220A100B70563 /* ViewController.swift */; };
		3D0DFA2525D220A100B70563 /* Main.storyboard in Resources */ = {isa = PBXBuildFile; fileRef = 3D0DFA2325D220A100B70563 /* Main.storyboard */; };
		3D0DFA2725D220A400B70563 /* Assets.xcassets in Resources */ = {isa = PBXBuildFile; fileRef = 3D0DFA2625D220A400B70563 /* Assets.xcassets */; };
		3D0DFA2A25D220A400B70563 /* LaunchScreen.storyboard in Resources */ = {isa = PBXBuildFile; fileRef = 3D0DFA2825D220A400B70563 /* LaunchScreen.storyboard */; };
		3D0DFA3525D220A400B70563 /* WorldTrotterTests.swift in Sources */ = {isa = PBXBuildFile; fileRef = 3D0DFA3425D220A400B70563 /* WorldTrotterTests.swift */; };
		3D0DFA4025D220A400B70563 /* WorldTrotterUITests.swift in Sources */ = {isa = PBXBuildFile; fileRef = 3D0DFA3F25D220A400B70563 /* WorldTrotterUITests.swift */; };
/* End PBXBuildFile section */

/* Begin PBXContainerItemProxy section */
		3D0DFA3125D220A400B70563 /* PBXContainerItemProxy */ = {
			isa = PBXContainerItemProxy;
			containerPortal = 3D0DFA1225D220A100B70563 /* Project object */;
			proxyType = 1;
			remoteGlobalIDString = 3D0DFA1925D220A100B70563;
			remoteInfo = WorldTrotter;
		};
		3D0DFA3C25D220A400B70563 /* PBXContainerItemProxy */ = {
			isa = PBXContainerItemProxy;
			containerPortal = 3D0DFA1225D220A100B70563 /* Project object */;
			proxyType = 1;
			remoteGlobalIDString = 3D0DFA1925D220A100B70563;
			remoteInfo = WorldTrotter;
		};
/* End PBXContainerItemProxy section */

/* Begin PBXFileReference section */
		3D0DFA1A25D220A100B70563 /* WorldTrotter.app */ = {isa = PBXFileReference; explicitFileType = wrapper.application; includeInIndex = 0; path = WorldTrotter.app; sourceTree = BUILT_PRODUCTS_DIR; };
		3D0DFA1D25D220A100B70563 /* AppDelegate.swift */ = {isa = PBXFileReference; lastKnownFileType = sourcecode.swift; path = AppDelegate.swift; sourceTree = "<group>"; };
		3D0DFA1F25D220A100B70563 /* SceneDelegate.swift */ = {isa = PBXFileReference; lastKnownFileType = sourcecode.swift; path = SceneDelegate.swift; sourceTree = "<group>"; };
		3D0DFA2125D220A100B70563 /* ViewController.swift */ = {isa = PBXFileReference; lastKnownFileType = sourcecode.swift; path = ViewController.swift; sourceTree = "<group>"; };
		3D0DFA2425D220A100B70563 /* Base */ = {isa = PBXFileReference; lastKnownFileType = file.storyboard; name = Base; path = Base.lproj/Main.storyboard; sourceTree = "<group>"; };
		3D0DFA2625D220A400B70563 /* Assets.xcassets */ = {isa = PBXFileReference; lastKnownFileType = folder.assetcatalog; path = Assets.xcassets; sourceTree = "<group>"; };
		3D0DFA2925D220A400B70563 /* Base */ = {isa = PBXFileReference; lastKnownFileType = file.storyboard; name = Base; path = Base.lproj/LaunchScreen.storyboard; sourceTree = "<group>"; };
		3D0DFA2B25D220A400B70563 /* Info.plist */ = {isa = PBXFileReference; lastKnownFileType = text.plist.xml; path = Info.plist; sourceTree = "<group>"; };
		3D0DFA3025D220A400B70563 /* WorldTrotterTests.xctest */ = {isa = PBXFileReference; explicitFileType = wrapper.cfbundle; includeInIndex = 0; path = WorldTrotterTests.xctest; sourceTree = BUILT_PRODUCTS_DIR; };
		3D0DFA3425D220A400B70563 /* WorldTrotterTests.swift */ = {isa = PBXFileReference; lastKnownFileType = sourcecode.swift; path = WorldTrotterTests.swift; sourceTree = "<group>"; };
		3D0DFA3625D220A400B70563 /* Info.plist */ = {isa = PBXFileReference; lastKnownFileType = text.plist.xml; path = Info.plist; sourceTree = "<group>"; };
		3D0DFA3B25D220A400B70563 /* WorldTrotterUITests.xctest */ = {isa = PBXFileReference; explicitFileType = wrapper.cfbundle; includeInIndex = 0; path = WorldTrotterUITests.xctest; sourceTree = BUILT_PRODUCTS_DIR; };
		3D0DFA3F25D220A400B70563 /* WorldTrotterUITests.swift */ = {isa = PBXFileReference; lastKnownFileType = sourcecode.swift; path = WorldTrotterUITests.swift; sourceTree = "<group>"; };
		3D0DFA4125D220A400B70563 /* Info.plist */ = {isa = PBXFileReference; lastKnownFileType = text.plist.xml; path = Info.plist; sourceTree = "<group>"; };
/* End PBXFileReference section */

/* Begin PBXFrameworksBuildPhase section */
		3D0DFA1725D220A100B70563 /* Frameworks */ = {
			isa = PBXFrameworksBuildPhase;
			buildActionMask = 2147483647;
			files = (
			);
			runOnlyForDeploymentPostprocessing = 0;
		};
		3D0DFA2D25D220A400B70563 /* Frameworks */ = {
			isa = PBXFrameworksBuildPhase;
			buildActionMask = 2147483647;
			files = (
			);
			runOnlyForDeploymentPostprocessing = 0;
		};
		3D0DFA3825D220A400B70563 /* Frameworks */ = {
			isa = PBXFrameworksBuildPhase;
			buildActionMask = 2147483647;
			files = (
			);
			runOnlyForDeploymentPostprocessing = 0;
		};
/* End PBXFrameworksBuildPhase section */

/* Begin PBXGroup section */
		3D0DFA1125D220A100B70563 = {
			isa = PBXGroup;
			children = (
				3D0DFA1C25D220A100B70563 /* WorldTrotter */,
				3D0DFA3325D220A400B70563 /* WorldTrotterTests */,
				3D0DFA3E25D220A400B70563 /* WorldTrotterUITests */,
				3D0DFA1B25D220A100B70563 /* Products */,
			);
			sourceTree = "<group>";
		};
		3D0DFA1B25D220A100B70563 /* Products */ = {
			isa = PBXGroup;
			children = (
				3D0DFA1A25D220A100B70563 /* WorldTrotter.app */,
				3D0DFA3025D220A400B70563 /* WorldTrotterTests.xctest */,
				3D0DFA3B25D220A400B70563 /* WorldTrotterUITests.xctest */,
			);
			name = Products;
			sourceTree = "<group>";
		};
		3D0DFA1C25D220A100B70563 /* WorldTrotter */ = {
			isa = PBXGroup;
			children = (
				3D0DFA1D25D220A100B70563 /* AppDelegate.swift */,
				3D0DFA1F25D220A100B70563 /* SceneDelegate.swift */,
				3D0DFA2125D220A100B70563 /* ViewController.swift */,
				3D0DFA2325D220A100B70563 /* Main.storyboard */,
				3D0DFA2625D220A400B70563 /* Assets.xcassets */,
				3D0DFA2825D220A400B70563 /* LaunchScreen.storyboard */,
				3D0DFA2B25D220A400B70563 /* Info.plist */,
			);
			path = WorldTrotter;
			sourceTree = "<group>";
		};
		3D0DFA3325D220A400B70563 /* WorldTrotterTests */ = {
			isa = PBXGroup;
			children = (
				3D0DFA3425D220A400B70563 /* WorldTrotterTests.swift */,
				3D0DFA3625D220A400B70563 /* Info.plist */,
			);
			path = WorldTrotterTests;
			sourceTree = "<group>";
		};
		3D0DFA3E25D220A400B70563 /* WorldTrotterUITests */ = {
			isa = PBXGroup;
			children = (
				3D0DFA3F25D220A400B70563 /* WorldTrotterUITests.swift */,
				3D0DFA4125D220A400B70563 /* Info.plist */,
			);
			path = WorldTrotterUITests;
			sourceTree = "<group>";
		};
/* End PBXGroup section */

/* Begin PBXNativeTarget section */
		3D0DFA1925D220A100B70563 /* WorldTrotter */ = {
			isa = PBXNativeTarget;
			buildConfigurationList = 3D0DFA4425D220A400B70563 /* Build configuration list for PBXNativeTarget "WorldTrotter" */;
			buildPhases = (
				3D0DFA1625D220A100B70563 /* Sources */,
				3D0DFA1725D220A100B70563 /* Frameworks */,
				3D0DFA1825D220A100B70563 /* Resources */,
			);
			buildRules = (
			);
			dependencies = (
			);
			name = WorldTrotter;
			productName = WorldTrotter;
			productReference = 3D0DFA1A25D220A100B70563 /* WorldTrotter.app */;
			productType = "com.apple.product-type.application";
		};
		3D0DFA2F25D220A400B70563 /* WorldTrotterTests */ = {
			isa = PBXNativeTarget;
			buildConfigurationList = 3D0DFA4725D220A400B70563 /* Build configuration list for PBXNativeTarget "WorldTrotterTests" */;
			buildPhases = (
				3D0DFA2C25D220A400B70563 /* Sources */,
				3D0DFA2D25D220A400B70563 /* Frameworks */,
				3D0DFA2E25D220A400B70563 /* Resources */,
			);
			buildRules = (
			);
			dependencies = (
				3D0DFA3225D220A400B70563 /* PBXTargetDependency */,
			);
			name = WorldTrotterTests;
			productName = WorldTrotterTests;
			productReference = 3D0DFA3025D220A400B70563 /* WorldTrotterTests.xctest */;
			productType = "com.apple.product-type.bundle.unit-test";
		};
		3D0DFA3A25D220A400B70563 /* WorldTrotterUITests */ = {
			isa = PBXNativeTarget;
			buildConfigurationList = 3D0DFA4A25D220A400B70563 /* Build configuration list for PBXNativeTarget "WorldTrotterUITests" */;
			buildPhases = (
				3D0DFA3725D220A400B70563 /* Sources */,
				3D0DFA3825D220A400B70563 /* Frameworks */,
				3D0DFA3925D220A400B70563 /* Resources */,
			);
			buildRules = (
			);
			dependencies = (
				3D0DFA3D25D220A400B70563 /* PBXTargetDependency */,
			);
			name = WorldTrotterUITests;
			productName = WorldTrotterUITests;
			productReference = 3D0DFA3B25D220A400B70563 /* WorldTrotterUITests.xctest */;
			productType = "com.apple.product-type.bundle.ui-testing";
		};
/* End PBXNativeTarget section */

/* Begin PBXProject section */
		3D0DFA1225D220A100B70563 /* Project object */ = {
			isa = PBXProject;
			attributes = {
				LastSwiftUpdateCheck = 1240;
				LastUpgradeCheck = 1240;
				TargetAttributes = {
					3D0DFA1925D220A100B70563 = {
						CreatedOnToolsVersion = 12.4;
					};
					3D0DFA2F25D220A400B70563 = {
						CreatedOnToolsVersion = 12.4;
						TestTargetID = 3D0DFA1925D220A100B70563;
					};
					3D0DFA3A25D220A400B70563 = {
						CreatedOnToolsVersion = 12.4;
						TestTargetID = 3D0DFA1925D220A100B70563;
					};
				};
			};
			buildConfigurationList = 3D0DFA1525D220A100B70563 /* Build configuration list for PBXProject "WorldTrotter" */;
			compatibilityVersion = "Xcode 9.3";
			developmentRegion = en;
			hasScannedForEncodings = 0;
			knownRegions = (
				en,
				Base,
			);
			mainGroup = 3D0DFA1125D220A100B70563;
			productRefGroup = 3D0DFA1B25D220A100B70563 /* Products */;
			projectDirPath = "";
			projectRoot = "";
			targets = (
				3D0DFA1925D220A100B70563 /* WorldTrotter */,
				3D0DFA2F25D220A400B70563 /* WorldTrotterTests */,
				3D0DFA3A25D220A400B70563 /* WorldTrotterUITests */,
			);
		};
/* End PBXProject section */

/* Begin PBXResourcesBuildPhase section */
		3D0DFA1825D220A100B70563 /* Resources */ = {
			isa = PBXResourcesBuildPhase;
			buildActionMask = 2147483647;
			files = (
				3D0DFA2A25D220A400B70563 /* LaunchScreen.storyboard in Resources */,
				3D0DFA2725D220A400B70563 /* Assets.xcassets in Resources */,
				3D0DFA2525D220A100B70563 /* Main.storyboard in Resources */,
			);
			runOnlyForDeploymentPostprocessing = 0;
		};
		3D0DFA2E25D220A400B70563 /* Resources */ = {
			isa = PBXResourcesBuildPhase;
			buildActionMask = 2147483647;
			files = (
			);
			runOnlyForDeploymentPostprocessing = 0;
		};
		3D0DFA3925D220A400B70563 /* Resources */ = {
			isa = PBXResourcesBuildPhase;
			buildActionMask = 2147483647;
			files = (
			);
			runOnlyForDeploymentPostprocessing = 0;
		};
/* End PBXResourcesBuildPhase section */

/* Begin PBXSourcesBuildPhase section */
		3D0DFA1625D220A100B70563 /* Sources */ = {
			isa = PBXSourcesBuildPhase;
			buildActionMask = 2147483647;
			files = (
				3D0DFA2225D220A100B70563 /* ViewController.swift in Sources */,
				3D0DFA1E25D220A100B70563 /* AppDelegate.swift in Sources */,
				3D0DFA2025D220A100B70563 /* SceneDelegate.swift in Sources */,
			);
			runOnlyForDeploymentPostprocessing = 0;
		};
		3D0DFA2C25D220A400B70563 /* Sources */ = {
			isa = PBXSourcesBuildPhase;
			buildActionMask = 2147483647;
			files = (
				3D0DFA3525D220A400B70563 /* WorldTrotterTests.swift in Sources */,
			);
			runOnlyForDeploymentPostprocessing = 0;
		};
		3D0DFA3725D220A400B70563 /* Sources */ = {
			isa = PBXSourcesBuildPhase;
			buildActionMask = 2147483647;
			files = (
				3D0DFA4025D220A400B70563 /* WorldTrotterUITests.swift in Sources */,
			);
			runOnlyForDeploymentPostprocessing = 0;
		};
/* End PBXSourcesBuildPhase section */

/* Begin PBXTargetDependency section */
		3D0DFA3225D220A400B70563 /* PBXTargetDependency */ = {
			isa = PBXTargetDependency;
			target = 3D0DFA1925D220A100B70563 /* WorldTrotter */;
			targetProxy = 3D0DFA3125D220A400B70563 /* PBXContainerItemProxy */;
		};
		3D0DFA3D25D220A400B70563 /* PBXTargetDependency */ = {
			isa = PBXTargetDependency;
			target = 3D0DFA1925D220A100B70563 /* WorldTrotter */;
			targetProxy = 3D0DFA3C25D220A400B70563 /* PBXContainerItemProxy */;
		};
/* End PBXTargetDependency section */

/* Begin PBXVariantGroup section */
		3D0DFA2325D220A100B70563 /* Main.storyboard */ = {
			isa = PBXVariantGroup;
			children = (
				3D0DFA2425D220A100B70563 /* Base */,
			);
			name = Main.storyboard;
			sourceTree = "<group>";
		};
		3D0DFA2825D220A400B70563 /* LaunchScreen.storyboard */ = {
			isa = PBXVariantGroup;
			children = (
				3D0DFA2925D220A400B70563 /* Base */,
			);
			name = LaunchScreen.storyboard;
			sourceTree = "<group>";
		};
/* End PBXVariantGroup section */

/* Begin XCBuildConfiguration section */
		3D0DFA4225D220A400B70563 /* Debug */ = {
			isa = XCBuildConfiguration;
			buildSettings = {
				ALWAYS_SEARCH_USER_PATHS = NO;
				CLANG_ANALYZER_NONNULL = YES;
				CLANG_ANALYZER_NUMBER_OBJECT_CONVERSION = YES_AGGRESSIVE;
				CLANG_CXX_LANGUAGE_STANDARD = "gnu++14";
				CLANG_CXX_LIBRARY = "libc++";
				CLANG_ENABLE_MODULES = YES;
				CLANG_ENABLE_OBJC_ARC = YES;
				CLANG_ENABLE_OBJC_WEAK = YES;
				CLANG_WARN_BLOCK_CAPTURE_AUTORELEASING = YES;
				CLANG_WARN_BOOL_CONVERSION = YES;
				CLANG_WARN_COMMA = YES;
				CLANG_WARN_CONSTANT_CONVERSION = YES;
				CLANG_WARN_DEPRECATED_OBJC_IMPLEMENTATIONS = YES;
				CLANG_WARN_DIRECT_OBJC_ISA_USAGE = YES_ERROR;
				CLANG_WARN_DOCUMENTATION_COMMENTS = YES;
				CLANG_WARN_EMPTY_BODY = YES;
				CLANG_WARN_ENUM_CONVERSION = YES;
				CLANG_WARN_INFINITE_RECURSION = YES;
				CLANG_WARN_INT_CONVERSION = YES;
				CLANG_WARN_NON_LITERAL_NULL_CONVERSION = YES;
				CLANG_WARN_OBJC_IMPLICIT_RETAIN_SELF = YES;
				CLANG_WARN_OBJC_LITERAL_CONVERSION = YES;
				CLANG_WARN_OBJC_ROOT_CLASS = YES_ERROR;
				CLANG_WARN_QUOTED_INCLUDE_IN_FRAMEWORK_HEADER = YES;
				CLANG_WARN_RANGE_LOOP_ANALYSIS = YES;
				CLANG_WARN_STRICT_PROTOTYPES = YES;
				CLANG_WARN_SUSPICIOUS_MOVE = YES;
				CLANG_WARN_UNGUARDED_AVAILABILITY = YES_AGGRESSIVE;
				CLANG_WARN_UNREACHABLE_CODE = YES;
				CLANG_WARN__DUPLICATE_METHOD_MATCH = YES;
				COPY_PHASE_STRIP = NO;
				DEBUG_INFORMATION_FORMAT = dwarf;
				ENABLE_STRICT_OBJC_MSGSEND = YES;
				ENABLE_TESTABILITY = YES;
				GCC_C_LANGUAGE_STANDARD = gnu11;
				GCC_DYNAMIC_NO_PIC = NO;
				GCC_NO_COMMON_BLOCKS = YES;
				GCC_OPTIMIZATION_LEVEL = 0;
				GCC_PREPROCESSOR_DEFINITIONS = (
					"DEBUG=1",
					"$(inherited)",
				);
				GCC_WARN_64_TO_32_BIT_CONVERSION = YES;
				GCC_WARN_ABOUT_RETURN_TYPE = YES_ERROR;
				GCC_WARN_UNDECLARED_SELECTOR = YES;
				GCC_WARN_UNINITIALIZED_AUTOS = YES_AGGRESSIVE;
				GCC_WARN_UNUSED_FUNCTION = YES;
				GCC_WARN_UNUSED_VARIABLE = YES;
				IPHONEOS_DEPLOYMENT_TARGET = 14.4;
				MTL_ENABLE_DEBUG_INFO = INCLUDE_SOURCE;
				MTL_FAST_MATH = YES;
				ONLY_ACTIVE_ARCH = YES;
				SDKROOT = iphoneos;
				SWIFT_ACTIVE_COMPILATION_CONDITIONS = DEBUG;
				SWIFT_OPTIMIZATION_LEVEL = "-Onone";
			};
			name = Debug;
		};
		3D0DFA4325D220A400B70563 /* Release */ = {
			isa = XCBuildConfiguration;
			buildSettings = {
				ALWAYS_SEARCH_USER_PATHS = NO;
				CLANG_ANALYZER_NONNULL = YES;
				CLANG_ANALYZER_NUMBER_OBJECT_CONVERSION = YES_AGGRESSIVE;
				CLANG_CXX_LANGUAGE_STANDARD = "gnu++14";
				CLANG_CXX_LIBRARY = "libc++";
				CLANG_ENABLE_MODULES = YES;
				CLANG_ENABLE_OBJC_ARC = YES;
				CLANG_ENABLE_OBJC_WEAK = YES;
				CLANG_WARN_BLOCK_CAPTURE_AUTORELEASING = YES;
				CLANG_WARN_BOOL_CONVERSION = YES;
				CLANG_WARN_COMMA = YES;
				CLANG_WARN_CONSTANT_CONVERSION = YES;
				CLANG_WARN_DEPRECATED_OBJC_IMPLEMENTATIONS = YES;
				CLANG_WARN_DIRECT_OBJC_ISA_USAGE = YES_ERROR;
				CLANG_WARN_DOCUMENTATION_COMMENTS = YES;
				CLANG_WARN_EMPTY_BODY = YES;
				CLANG_WARN_ENUM_CONVERSION = YES;
				CLANG_WARN_INFINITE_RECURSION = YES;
				CLANG_WARN_INT_CONVERSION = YES;
				CLANG_WARN_NON_LITERAL_NULL_CONVERSION = YES;
				CLANG_WARN_OBJC_IMPLICIT_RETAIN_SELF = YES;
				CLANG_WARN_OBJC_LITERAL_CONVERSION = YES;
				CLANG_WARN_OBJC_ROOT_CLASS = YES_ERROR;
				CLANG_WARN_QUOTED_INCLUDE_IN_FRAMEWORK_HEADER = YES;
				CLANG_WARN_RANGE_LOOP_ANALYSIS = YES;
				CLANG_WARN_STRICT_PROTOTYPES = YES;
				CLANG_WARN_SUSPICIOUS_MOVE = YES;
				CLANG_WARN_UNGUARDED_AVAILABILITY = YES_AGGRESSIVE;
				CLANG_WARN_UNREACHABLE_CODE = YES;
				CLANG_WARN__DUPLICATE_METHOD_MATCH = YES;
				COPY_PHASE_STRIP = NO;
				DEBUG_INFORMATION_FORMAT = "dwarf-with-dsym";
				ENABLE_NS_ASSERTIONS = NO;
				ENABLE_STRICT_OBJC_MSGSEND = YES;
				GCC_C_LANGUAGE_STANDARD = gnu11;
				GCC_NO_COMMON_BLOCKS = YES;
				GCC_WARN_64_TO_32_BIT_CONVERSION = YES;
				GCC_WARN_ABOUT_RETURN_TYPE = YES_ERROR;
				GCC_WARN_UNDECLARED_SELECTOR = YES;
				GCC_WARN_UNINITIALIZED_AUTOS = YES_AGGRESSIVE;
				GCC_WARN_UNUSED_FUNCTION = YES;
				GCC_WARN_UNUSED_VARIABLE = YES;
				IPHONEOS_DEPLOYMENT_TARGET = 14.4;
				MTL_ENABLE_DEBUG_INFO = NO;
				MTL_FAST_MATH = YES;
				SDKROOT = iphoneos;
				SWIFT_COMPILATION_MODE = wholemodule;
				SWIFT_OPTIMIZATION_LEVEL = "-O";
				VALIDATE_PRODUCT = YES;
			};
			name = Release;
		};
		3D0DFA4525D220A400B70563 /* Debug */ = {
			isa = XCBuildConfiguration;
			buildSettings = {
				ASSETCATALOG_COMPILER_APPICON_NAME = AppIcon;
				ASSETCATALOG_COMPILER_GLOBAL_ACCENT_COLOR_NAME = AccentColor;
				CODE_SIGN_STYLE = Automatic;
				DEVELOPMENT_TEAM = Q4W6V6V4T5;
				INFOPLIST_FILE = WorldTrotter/Info.plist;
				LD_RUNPATH_SEARCH_PATHS = (
					"$(inherited)",
					"@executable_path/Frameworks",
				);
				PRODUCT_BUNDLE_IDENTIFIER = "com.Distance-Converter.WorldTrotter";
				PRODUCT_NAME = "$(TARGET_NAME)";
				SWIFT_VERSION = 5.0;
				TARGETED_DEVICE_FAMILY = "1,2";
			};
			name = Debug;
		};
		3D0DFA4625D220A400B70563 /* Release */ = {
			isa = XCBuildConfiguration;
			buildSettings = {
				ASSETCATALOG_COMPILER_APPICON_NAME = AppIcon;
				ASSETCATALOG_COMPILER_GLOBAL_ACCENT_COLOR_NAME = AccentColor;
				CODE_SIGN_STYLE = Automatic;
				DEVELOPMENT_TEAM = Q4W6V6V4T5;
				INFOPLIST_FILE = WorldTrotter/Info.plist;
				LD_RUNPATH_SEARCH_PATHS = (
					"$(inherited)",
					"@executable_path/Frameworks",
				);
				PRODUCT_BUNDLE_IDENTIFIER = "com.Distance-Converter.WorldTrotter";
				PRODUCT_NAME = "$(TARGET_NAME)";
				SWIFT_VERSION = 5.0;
				TARGETED_DEVICE_FAMILY = "1,2";
			};
			name = Release;
		};
		3D0DFA4825D220A400B70563 /* Debug */ = {
			isa = XCBuildConfiguration;
			buildSettings = {
				ALWAYS_EMBED_SWIFT_STANDARD_LIBRARIES = YES;
				BUNDLE_LOADER = "$(TEST_HOST)";
				CODE_SIGN_STYLE = Automatic;
				DEVELOPMENT_TEAM = Q4W6V6V4T5;
				INFOPLIST_FILE = WorldTrotterTests/Info.plist;
				IPHONEOS_DEPLOYMENT_TARGET = 14.4;
				LD_RUNPATH_SEARCH_PATHS = (
					"$(inherited)",
					"@executable_path/Frameworks",
					"@loader_path/Frameworks",
				);
				PRODUCT_BUNDLE_IDENTIFIER = "com.Distance-Converter.WorldTrotterTests";
				PRODUCT_NAME = "$(TARGET_NAME)";
				SWIFT_VERSION = 5.0;
				TARGETED_DEVICE_FAMILY = "1,2";
				TEST_HOST = "$(BUILT_PRODUCTS_DIR)/WorldTrotter.app/WorldTrotter";
			};
			name = Debug;
		};
		3D0DFA4925D220A400B70563 /* Release */ = {
			isa = XCBuildConfiguration;
			buildSettings = {
				ALWAYS_EMBED_SWIFT_STANDARD_LIBRARIES = YES;
				BUNDLE_LOADER = "$(TEST_HOST)";
				CODE_SIGN_STYLE = Automatic;
				DEVELOPMENT_TEAM = Q4W6V6V4T5;
				INFOPLIST_FILE = WorldTrotterTests/Info.plist;
				IPHONEOS_DEPLOYMENT_TARGET = 14.4;
				LD_RUNPATH_SEARCH_PATHS = (
					"$(inherited)",
					"@executable_path/Frameworks",
					"@loader_path/Frameworks",
				);
				PRODUCT_BUNDLE_IDENTIFIER = "com.Distance-Converter.WorldTrotterTests";
				PRODUCT_NAME = "$(TARGET_NAME)";
				SWIFT_VERSION = 5.0;
				TARGETED_DEVICE_FAMILY = "1,2";
				TEST_HOST = "$(BUILT_PRODUCTS_DIR)/WorldTrotter.app/WorldTrotter";
			};
			name = Release;
		};
		3D0DFA4B25D220A400B70563 /* Debug */ = {
			isa = XCBuildConfiguration;
			buildSettings = {
				ALWAYS_EMBED_SWIFT_STANDARD_LIBRARIES = YES;
				CODE_SIGN_STYLE = Automatic;
				DEVELOPMENT_TEAM = Q4W6V6V4T5;
				INFOPLIST_FILE = WorldTrotterUITests/Info.plist;
				LD_RUNPATH_SEARCH_PATHS = (
					"$(inherited)",
					"@executable_path/Frameworks",
					"@loader_path/Frameworks",
				);
				PRODUCT_BUNDLE_IDENTIFIER = "com.Distance-Converter.WorldTrotterUITests";
				PRODUCT_NAME = "$(TARGET_NAME)";
				SWIFT_VERSION = 5.0;
				TARGETED_DEVICE_FAMILY = "1,2";
				TEST_TARGET_NAME = WorldTrotter;
			};
			name = Debug;
		};
		3D0DFA4C25D220A400B70563 /* Release */ = {
			isa = XCBuildConfiguration;
			buildSettings = {
				ALWAYS_EMBED_SWIFT_STANDARD_LIBRARIES = YES;
				CODE_SIGN_STYLE = Automatic;
				DEVELOPMENT_TEAM = Q4W6V6V4T5;
				INFOPLIST_FILE = WorldTrotterUITests/Info.plist;
				LD_RUNPATH_SEARCH_PATHS = (
					"$(inherited)",
					"@executable_path/Frameworks",
					"@loader_path/Frameworks",
				);
				PRODUCT_BUNDLE_IDENTIFIER = "com.Distance-Converter.WorldTrotterUITests";
				PRODUCT_NAME = "$(TARGET_NAME)";
				SWIFT_VERSION = 5.0;
				TARGETED_DEVICE_FAMILY = "1,2";
				TEST_TARGET_NAME = WorldTrotter;
			};
			name = Release;
		};
/* End XCBuildConfiguration section */

/* Begin XCConfigurationList section */
		3D0DFA1525D220A100B70563 /* Build configuration list for PBXProject "WorldTrotter" */ = {
			isa = XCConfigurationList;
			buildConfigurations = (
				3D0DFA4225D220A400B70563 /* Debug */,
				3D0DFA4325D220A400B70563 /* Release */,
			);
			defaultConfigurationIsVisible = 0;
			defaultConfigurationName = Release;
		};
		3D0DFA4425D220A400B70563 /* Build configuration list for PBXNativeTarget "WorldTrotter" */ = {
			isa = XCConfigurationList;
			buildConfigurations = (
				3D0DFA4525D220A400B70563 /* Debug */,
				3D0DFA4625D220A400B70563 /* Release */,
			);
			defaultConfigurationIsVisible = 0;
			defaultConfigurationName = Release;
		};
		3D0DFA4725D220A400B70563 /* Build configuration list for PBXNativeTarget "WorldTrotterTests" */ = {
			isa = XCConfigurationList;
			buildConfigurations = (
				3D0DFA4825D220A400B70563 /* Debug */,
				3D0DFA4925D220A400B70563 /* Release */,
			);
			defaultConfigurationIsVisible = 0;
			defaultConfigurationName = Release;
		};
		3D0DFA4A25D220A400B70563 /* Build configuration list for PBXNativeTarget "WorldTrotterUITests" */ = {
			isa = XCConfigurationList;
			buildConfigurations = (
				3D0DFA4B25D220A400B70563 /* Debug */,
				3D0DFA4C25D220A400B70563 /* Release */,
			);
			defaultConfigurationIsVisible = 0;
			defaultConfigurationName = Release;
		};
/* End XCConfigurationList section */
	};
	rootObject = 3D0DFA1225D220A100B70563 /* Project object */;
}
